// !$*UTF8*$!
{
	archiveVersion = 1;
	classes = {
	};
	objectVersion = 56;
	objects = {

/* Begin PBXBuildFile section */
		0E5BFE182A4EAC1F00BB2679 /* KWSwift.swift in Sources */ = {isa = PBXBuildFile; fileRef = 0E5BFDEE2A4EAC1F00BB2679 /* KWSwift.swift */; };
		0E5BFE192A4EAC1F00BB2679 /* UIColorExt.swift in Sources */ = {isa = PBXBuildFile; fileRef = 0E5BFDF02A4EAC1F00BB2679 /* UIColorExt.swift */; };
		0E5BFE1A2A4EAC1F00BB2679 /* UIViewControllerExt.swift in Sources */ = {isa = PBXBuildFile; fileRef = 0E5BFDF12A4EAC1F00BB2679 /* UIViewControllerExt.swift */; };
		0E5BFE1B2A4EAC1F00BB2679 /* KOCollectionCell.m in Sources */ = {isa = PBXBuildFile; fileRef = 0E5BFDF42A4EAC1F00BB2679 /* KOCollectionCell.m */; };
		0E5BFE1C2A4EAC1F00BB2679 /* KOCollectionVC.m in Sources */ = {isa = PBXBuildFile; fileRef = 0E5BFDF72A4EAC1F00BB2679 /* KOCollectionVC.m */; };
		0E5BFE1D2A4EAC1F00BB2679 /* KWNavigationController.swift in Sources */ = {isa = PBXBuildFile; fileRef = 0E5BFDF92A4EAC1F00BB2679 /* KWNavigationController.swift */; };
		0E5BFE1E2A4EAC1F00BB2679 /* KWFakeNavigationBar.swift in Sources */ = {isa = PBXBuildFile; fileRef = 0E5BFDFA2A4EAC1F00BB2679 /* KWFakeNavigationBar.swift */; };
		0E5BFE1F2A4EAC1F00BB2679 /* UIViewController+KWNavigationBar.swift in Sources */ = {isa = PBXBuildFile; fileRef = 0E5BFDFB2A4EAC1F00BB2679 /* UIViewController+KWNavigationBar.swift */; };
		0E5BFE202A4EAC1F00BB2679 /* KOTableVC.m in Sources */ = {isa = PBXBuildFile; fileRef = 0E5BFDFD2A4EAC1F00BB2679 /* KOTableVC.m */; };
		0E5BFE212A4EAC1F00BB2679 /* KOTableCell.m in Sources */ = {isa = PBXBuildFile; fileRef = 0E5BFDFE2A4EAC1F00BB2679 /* KOTableCell.m */; };
		0E5BFE222A4EAC1F00BB2679 /* KSCollectionVC.swift in Sources */ = {isa = PBXBuildFile; fileRef = 0E5BFE022A4EAC1F00BB2679 /* KSCollectionVC.swift */; };
		0E5BFE232A4EAC1F00BB2679 /* KSCollectionCell.swift in Sources */ = {isa = PBXBuildFile; fileRef = 0E5BFE032A4EAC1F00BB2679 /* KSCollectionCell.swift */; };
		0E5BFE242A4EAC1F00BB2679 /* KWFlowLayout.swift in Sources */ = {isa = PBXBuildFile; fileRef = 0E5BFE042A4EAC1F00BB2679 /* KWFlowLayout.swift */; };
		0E5BFE252A4EAC1F00BB2679 /* KSTableVC.swift in Sources */ = {isa = PBXBuildFile; fileRef = 0E5BFE062A4EAC1F00BB2679 /* KSTableVC.swift */; };
		0E5BFE262A4EAC1F00BB2679 /* KSTableCell.swift in Sources */ = {isa = PBXBuildFile; fileRef = 0E5BFE072A4EAC1F00BB2679 /* KSTableCell.swift */; };
		0E5BFE272A4EAC1F00BB2679 /* KSViewController.swift in Sources */ = {isa = PBXBuildFile; fileRef = 0E5BFE092A4EAC1F00BB2679 /* KSViewController.swift */; };
		0E5BFE282A4EAC1F00BB2679 /* KOViewController.m in Sources */ = {isa = PBXBuildFile; fileRef = 0E5BFE0C2A4EAC1F00BB2679 /* KOViewController.m */; };
		0E5BFE292A4EAC1F00BB2679 /* KSModel.swift in Sources */ = {isa = PBXBuildFile; fileRef = 0E5BFE0E2A4EAC1F00BB2679 /* KSModel.swift */; };
		0E5BFE2A2A4EAC1F00BB2679 /* KWTabBarController.swift in Sources */ = {isa = PBXBuildFile; fileRef = 0E5BFE102A4EAC1F00BB2679 /* KWTabBarController.swift */; };
		0E5BFE2B2A4EAC1F00BB2679 /* AutoFit.swift in Sources */ = {isa = PBXBuildFile; fileRef = 0E5BFE132A4EAC1F00BB2679 /* AutoFit.swift */; };
		0E5BFE2C2A4EAC1F00BB2679 /* SizeS.swift in Sources */ = {isa = PBXBuildFile; fileRef = 0E5BFE142A4EAC1F00BB2679 /* SizeS.swift */; };
		0E5BFE2D2A4EAC1F00BB2679 /* MJRefresh.swift in Sources */ = {isa = PBXBuildFile; fileRef = 0E5BFE162A4EAC1F00BB2679 /* MJRefresh.swift */; };
		0E5BFE2E2A4EAC1F00BB2679 /* DZNEmptyDataSet.swift in Sources */ = {isa = PBXBuildFile; fileRef = 0E5BFE172A4EAC1F00BB2679 /* DZNEmptyDataSet.swift */; };
		0E5BFE322A4EAC7300BB2679 /* TestCollectionView.m in Sources */ = {isa = PBXBuildFile; fileRef = 0E5BFE312A4EAC7300BB2679 /* TestCollectionView.m */; };
		0E5BFE352A4EAC8B00BB2679 /* TestCollectionViewShow.m in Sources */ = {isa = PBXBuildFile; fileRef = 0E5BFE342A4EAC8B00BB2679 /* TestCollectionViewShow.m */; };
		0E5BFE392A4EB64700BB2679 /* TestCollectionViewShowCell.m in Sources */ = {isa = PBXBuildFile; fileRef = 0E5BFE372A4EB64700BB2679 /* TestCollectionViewShowCell.m */; };
		0E5BFE3A2A4EB64700BB2679 /* TestCollectionViewShowCell.xib in Resources */ = {isa = PBXBuildFile; fileRef = 0E5BFE382A4EB64700BB2679 /* TestCollectionViewShowCell.xib */; };
		0E5BFE432A4EB9A000BB2679 /* TestCollectionViewShow1.m in Sources */ = {isa = PBXBuildFile; fileRef = 0E5BFE422A4EB9A000BB2679 /* TestCollectionViewShow1.m */; };
		0E5BFE472A4EB9BD00BB2679 /* TestCollectionViewShow1Cell1.m in Sources */ = {isa = PBXBuildFile; fileRef = 0E5BFE452A4EB9BD00BB2679 /* TestCollectionViewShow1Cell1.m */; };
		0E5BFE482A4EB9BD00BB2679 /* TestCollectionViewShow1Cell1.xib in Resources */ = {isa = PBXBuildFile; fileRef = 0E5BFE462A4EB9BD00BB2679 /* TestCollectionViewShow1Cell1.xib */; };
		0E5BFE4B2A4EB9CB00BB2679 /* TestCollectionViewShow1Cell2.m in Sources */ = {isa = PBXBuildFile; fileRef = 0E5BFE4A2A4EB9CB00BB2679 /* TestCollectionViewShow1Cell2.m */; };
		0E5BFE4F2A4EBCF300BB2679 /* TestCollectionHeadFoot.m in Sources */ = {isa = PBXBuildFile; fileRef = 0E5BFE4D2A4EBCF300BB2679 /* TestCollectionHeadFoot.m */; };
		0E5BFE502A4EBCF300BB2679 /* TestCollectionHeadFoot.xib in Resources */ = {isa = PBXBuildFile; fileRef = 0E5BFE4E2A4EBCF300BB2679 /* TestCollectionHeadFoot.xib */; };
		0EC4BA7A2A47D61E008EB77B /* TestBaseVC.m in Sources */ = {isa = PBXBuildFile; fileRef = 0EC4BA792A47D61E008EB77B /* TestBaseVC.m */; };
		0EC4BA842A47DE56008EB77B /* TestBaseVC11.m in Sources */ = {isa = PBXBuildFile; fileRef = 0EC4BA832A47DE56008EB77B /* TestBaseVC11.m */; };
		0EC4BCE22A4AB00A008EB77B /* TestTableView.m in Sources */ = {isa = PBXBuildFile; fileRef = 0EC4BCE12A4AB00A008EB77B /* TestTableView.m */; };
		0EC4BCE52A4AB024008EB77B /* TestTableViewShow.m in Sources */ = {isa = PBXBuildFile; fileRef = 0EC4BCE42A4AB024008EB77B /* TestTableViewShow.m */; };
		0EC4BCE92A4AB1F5008EB77B /* TestTableViewShowCell.m in Sources */ = {isa = PBXBuildFile; fileRef = 0EC4BCE72A4AB1F5008EB77B /* TestTableViewShowCell.m */; };
		0EC4BCEA2A4AB1F5008EB77B /* TestTableViewShowCell.xib in Resources */ = {isa = PBXBuildFile; fileRef = 0EC4BCE82A4AB1F5008EB77B /* TestTableViewShowCell.xib */; };
		0ED648AF2A3D91B80020E918 /* TabBarDemoVC.m in Sources */ = {isa = PBXBuildFile; fileRef = 0ED648AE2A3D91B80020E918 /* TabBarDemoVC.m */; };
		0ED648B22A3D92B90020E918 /* TabBar1VC.m in Sources */ = {isa = PBXBuildFile; fileRef = 0ED648B12A3D92B90020E918 /* TabBar1VC.m */; };
		0ED648B52A3D92C50020E918 /* TabBar2VC.m in Sources */ = {isa = PBXBuildFile; fileRef = 0ED648B42A3D92C50020E918 /* TabBar2VC.m */; };
		0ED648B82A3D92CC0020E918 /* TabBar3VC.m in Sources */ = {isa = PBXBuildFile; fileRef = 0ED648B72A3D92CC0020E918 /* TabBar3VC.m */; };
		0ED648BB2A3D92D50020E918 /* TabBar4VC.m in Sources */ = {isa = PBXBuildFile; fileRef = 0ED648BA2A3D92D50020E918 /* TabBar4VC.m */; };
		0ED648BE2A3D92DD0020E918 /* TabBar5VC.m in Sources */ = {isa = PBXBuildFile; fileRef = 0ED648BD2A3D92DD0020E918 /* TabBar5VC.m */; };
		0ED648C32A3D9F9B0020E918 /* KWColorDemo.m in Sources */ = {isa = PBXBuildFile; fileRef = 0ED648C22A3D9F9B0020E918 /* KWColorDemo.m */; };
		0ED649632A404F7C0020E918 /* KWNavigationVC.m in Sources */ = {isa = PBXBuildFile; fileRef = 0ED649622A404F7C0020E918 /* KWNavigationVC.m */; };
		0ED649662A404FA70020E918 /* KWNavigationVC1.m in Sources */ = {isa = PBXBuildFile; fileRef = 0ED649652A404FA70020E918 /* KWNavigationVC1.m */; };
		0EEBD0FA2A394C71003F04DF /* AppDelegate.m in Sources */ = {isa = PBXBuildFile; fileRef = 0EEBD0F92A394C71003F04DF /* AppDelegate.m */; };
		0EEBD0FD2A394C71003F04DF /* SceneDelegate.m in Sources */ = {isa = PBXBuildFile; fileRef = 0EEBD0FC2A394C71003F04DF /* SceneDelegate.m */; };
		0EEBD1002A394C71003F04DF /* ViewController.m in Sources */ = {isa = PBXBuildFile; fileRef = 0EEBD0FF2A394C71003F04DF /* ViewController.m */; };
		0EEBD1032A394C71003F04DF /* Main.storyboard in Resources */ = {isa = PBXBuildFile; fileRef = 0EEBD1012A394C71003F04DF /* Main.storyboard */; };
		0EEBD1052A394C73003F04DF /* Assets.xcassets in Resources */ = {isa = PBXBuildFile; fileRef = 0EEBD1042A394C73003F04DF /* Assets.xcassets */; };
		0EEBD1082A394C73003F04DF /* LaunchScreen.storyboard in Resources */ = {isa = PBXBuildFile; fileRef = 0EEBD1062A394C73003F04DF /* LaunchScreen.storyboard */; };
		0EEBD10B2A394C73003F04DF /* main.m in Sources */ = {isa = PBXBuildFile; fileRef = 0EEBD10A2A394C73003F04DF /* main.m */; };
		5592C3F4ADEA29F01C74E4B2 /* Pods_KWOC.framework in Frameworks */ = {isa = PBXBuildFile; fileRef = E72ABF6961B50BB63AC2DC77 /* Pods_KWOC.framework */; };
/* End PBXBuildFile section */

/* Begin PBXFileReference section */
		0E5BFDEE2A4EAC1F00BB2679 /* KWSwift.swift */ = {isa = PBXFileReference; fileEncoding = 4; lastKnownFileType = sourcecode.swift; path = KWSwift.swift; sourceTree = "<group>"; };
		0E5BFDF02A4EAC1F00BB2679 /* UIColorExt.swift */ = {isa = PBXFileReference; fileEncoding = 4; lastKnownFileType = sourcecode.swift; path = UIColorExt.swift; sourceTree = "<group>"; };
		0E5BFDF12A4EAC1F00BB2679 /* UIViewControllerExt.swift */ = {isa = PBXFileReference; fileEncoding = 4; lastKnownFileType = sourcecode.swift; path = UIViewControllerExt.swift; sourceTree = "<group>"; };
		0E5BFDF42A4EAC1F00BB2679 /* KOCollectionCell.m */ = {isa = PBXFileReference; fileEncoding = 4; lastKnownFileType = sourcecode.c.objc; path = KOCollectionCell.m; sourceTree = "<group>"; };
		0E5BFDF52A4EAC1F00BB2679 /* KOCollectionVC.h */ = {isa = PBXFileReference; fileEncoding = 4; lastKnownFileType = sourcecode.c.h; path = KOCollectionVC.h; sourceTree = "<group>"; };
		0E5BFDF62A4EAC1F00BB2679 /* KOCollectionCell.h */ = {isa = PBXFileReference; fileEncoding = 4; lastKnownFileType = sourcecode.c.h; path = KOCollectionCell.h; sourceTree = "<group>"; };
		0E5BFDF72A4EAC1F00BB2679 /* KOCollectionVC.m */ = {isa = PBXFileReference; fileEncoding = 4; lastKnownFileType = sourcecode.c.objc; path = KOCollectionVC.m; sourceTree = "<group>"; };
		0E5BFDF92A4EAC1F00BB2679 /* KWNavigationController.swift */ = {isa = PBXFileReference; fileEncoding = 4; lastKnownFileType = sourcecode.swift; path = KWNavigationController.swift; sourceTree = "<group>"; };
		0E5BFDFA2A4EAC1F00BB2679 /* KWFakeNavigationBar.swift */ = {isa = PBXFileReference; fileEncoding = 4; lastKnownFileType = sourcecode.swift; path = KWFakeNavigationBar.swift; sourceTree = "<group>"; };
		0E5BFDFB2A4EAC1F00BB2679 /* UIViewController+KWNavigationBar.swift */ = {isa = PBXFileReference; fileEncoding = 4; lastKnownFileType = sourcecode.swift; path = "UIViewController+KWNavigationBar.swift"; sourceTree = "<group>"; };
		0E5BFDFD2A4EAC1F00BB2679 /* KOTableVC.m */ = {isa = PBXFileReference; fileEncoding = 4; lastKnownFileType = sourcecode.c.objc; path = KOTableVC.m; sourceTree = "<group>"; };
		0E5BFDFE2A4EAC1F00BB2679 /* KOTableCell.m */ = {isa = PBXFileReference; fileEncoding = 4; lastKnownFileType = sourcecode.c.objc; path = KOTableCell.m; sourceTree = "<group>"; };
		0E5BFDFF2A4EAC1F00BB2679 /* KOTableVC.h */ = {isa = PBXFileReference; fileEncoding = 4; lastKnownFileType = sourcecode.c.h; path = KOTableVC.h; sourceTree = "<group>"; };
		0E5BFE002A4EAC1F00BB2679 /* KOTableCell.h */ = {isa = PBXFileReference; fileEncoding = 4; lastKnownFileType = sourcecode.c.h; path = KOTableCell.h; sourceTree = "<group>"; };
		0E5BFE022A4EAC1F00BB2679 /* KSCollectionVC.swift */ = {isa = PBXFileReference; fileEncoding = 4; lastKnownFileType = sourcecode.swift; path = KSCollectionVC.swift; sourceTree = "<group>"; };
		0E5BFE032A4EAC1F00BB2679 /* KSCollectionCell.swift */ = {isa = PBXFileReference; fileEncoding = 4; lastKnownFileType = sourcecode.swift; path = KSCollectionCell.swift; sourceTree = "<group>"; };
		0E5BFE042A4EAC1F00BB2679 /* KWFlowLayout.swift */ = {isa = PBXFileReference; fileEncoding = 4; lastKnownFileType = sourcecode.swift; path = KWFlowLayout.swift; sourceTree = "<group>"; };
		0E5BFE062A4EAC1F00BB2679 /* KSTableVC.swift */ = {isa = PBXFileReference; fileEncoding = 4; lastKnownFileType = sourcecode.swift; path = KSTableVC.swift; sourceTree = "<group>"; };
		0E5BFE072A4EAC1F00BB2679 /* KSTableCell.swift */ = {isa = PBXFileReference; fileEncoding = 4; lastKnownFileType = sourcecode.swift; path = KSTableCell.swift; sourceTree = "<group>"; };
		0E5BFE092A4EAC1F00BB2679 /* KSViewController.swift */ = {isa = PBXFileReference; fileEncoding = 4; lastKnownFileType = sourcecode.swift; path = KSViewController.swift; sourceTree = "<group>"; };
		0E5BFE0B2A4EAC1F00BB2679 /* KOViewController.h */ = {isa = PBXFileReference; fileEncoding = 4; lastKnownFileType = sourcecode.c.h; path = KOViewController.h; sourceTree = "<group>"; };
		0E5BFE0C2A4EAC1F00BB2679 /* KOViewController.m */ = {isa = PBXFileReference; fileEncoding = 4; lastKnownFileType = sourcecode.c.objc; path = KOViewController.m; sourceTree = "<group>"; };
		0E5BFE0E2A4EAC1F00BB2679 /* KSModel.swift */ = {isa = PBXFileReference; fileEncoding = 4; lastKnownFileType = sourcecode.swift; path = KSModel.swift; sourceTree = "<group>"; };
		0E5BFE102A4EAC1F00BB2679 /* KWTabBarController.swift */ = {isa = PBXFileReference; fileEncoding = 4; lastKnownFileType = sourcecode.swift; path = KWTabBarController.swift; sourceTree = "<group>"; };
		0E5BFE122A4EAC1F00BB2679 /* SizeO.h */ = {isa = PBXFileReference; fileEncoding = 4; lastKnownFileType = sourcecode.c.h; path = SizeO.h; sourceTree = "<group>"; };
		0E5BFE132A4EAC1F00BB2679 /* AutoFit.swift */ = {isa = PBXFileReference; fileEncoding = 4; lastKnownFileType = sourcecode.swift; path = AutoFit.swift; sourceTree = "<group>"; };
		0E5BFE142A4EAC1F00BB2679 /* SizeS.swift */ = {isa = PBXFileReference; fileEncoding = 4; lastKnownFileType = sourcecode.swift; path = SizeS.swift; sourceTree = "<group>"; };
		0E5BFE162A4EAC1F00BB2679 /* MJRefresh.swift */ = {isa = PBXFileReference; fileEncoding = 4; lastKnownFileType = sourcecode.swift; path = MJRefresh.swift; sourceTree = "<group>"; };
		0E5BFE172A4EAC1F00BB2679 /* DZNEmptyDataSet.swift */ = {isa = PBXFileReference; fileEncoding = 4; lastKnownFileType = sourcecode.swift; path = DZNEmptyDataSet.swift; sourceTree = "<group>"; };
		0E5BFE302A4EAC7300BB2679 /* TestCollectionView.h */ = {isa = PBXFileReference; lastKnownFileType = sourcecode.c.h; path = TestCollectionView.h; sourceTree = "<group>"; };
		0E5BFE312A4EAC7300BB2679 /* TestCollectionView.m */ = {isa = PBXFileReference; lastKnownFileType = sourcecode.c.objc; path = TestCollectionView.m; sourceTree = "<group>"; };
		0E5BFE332A4EAC8B00BB2679 /* TestCollectionViewShow.h */ = {isa = PBXFileReference; lastKnownFileType = sourcecode.c.h; path = TestCollectionViewShow.h; sourceTree = "<group>"; };
		0E5BFE342A4EAC8B00BB2679 /* TestCollectionViewShow.m */ = {isa = PBXFileReference; lastKnownFileType = sourcecode.c.objc; path = TestCollectionViewShow.m; sourceTree = "<group>"; };
		0E5BFE362A4EB64700BB2679 /* TestCollectionViewShowCell.h */ = {isa = PBXFileReference; lastKnownFileType = sourcecode.c.h; path = TestCollectionViewShowCell.h; sourceTree = "<group>"; };
		0E5BFE372A4EB64700BB2679 /* TestCollectionViewShowCell.m */ = {isa = PBXFileReference; lastKnownFileType = sourcecode.c.objc; path = TestCollectionViewShowCell.m; sourceTree = "<group>"; };
		0E5BFE382A4EB64700BB2679 /* TestCollectionViewShowCell.xib */ = {isa = PBXFileReference; lastKnownFileType = file.xib; path = TestCollectionViewShowCell.xib; sourceTree = "<group>"; };
		0E5BFE412A4EB9A000BB2679 /* TestCollectionViewShow1.h */ = {isa = PBXFileReference; lastKnownFileType = sourcecode.c.h; path = TestCollectionViewShow1.h; sourceTree = "<group>"; };
		0E5BFE422A4EB9A000BB2679 /* TestCollectionViewShow1.m */ = {isa = PBXFileReference; lastKnownFileType = sourcecode.c.objc; path = TestCollectionViewShow1.m; sourceTree = "<group>"; };
		0E5BFE442A4EB9BD00BB2679 /* TestCollectionViewShow1Cell1.h */ = {isa = PBXFileReference; lastKnownFileType = sourcecode.c.h; path = TestCollectionViewShow1Cell1.h; sourceTree = "<group>"; };
		0E5BFE452A4EB9BD00BB2679 /* TestCollectionViewShow1Cell1.m */ = {isa = PBXFileReference; lastKnownFileType = sourcecode.c.objc; path = TestCollectionViewShow1Cell1.m; sourceTree = "<group>"; };
		0E5BFE462A4EB9BD00BB2679 /* TestCollectionViewShow1Cell1.xib */ = {isa = PBXFileReference; lastKnownFileType = file.xib; path = TestCollectionViewShow1Cell1.xib; sourceTree = "<group>"; };
		0E5BFE492A4EB9CB00BB2679 /* TestCollectionViewShow1Cell2.h */ = {isa = PBXFileReference; lastKnownFileType = sourcecode.c.h; path = TestCollectionViewShow1Cell2.h; sourceTree = "<group>"; };
		0E5BFE4A2A4EB9CB00BB2679 /* TestCollectionViewShow1Cell2.m */ = {isa = PBXFileReference; lastKnownFileType = sourcecode.c.objc; path = TestCollectionViewShow1Cell2.m; sourceTree = "<group>"; };
		0E5BFE4C2A4EBCF300BB2679 /* TestCollectionHeadFoot.h */ = {isa = PBXFileReference; lastKnownFileType = sourcecode.c.h; path = TestCollectionHeadFoot.h; sourceTree = "<group>"; };
		0E5BFE4D2A4EBCF300BB2679 /* TestCollectionHeadFoot.m */ = {isa = PBXFileReference; lastKnownFileType = sourcecode.c.objc; path = TestCollectionHeadFoot.m; sourceTree = "<group>"; };
		0E5BFE4E2A4EBCF300BB2679 /* TestCollectionHeadFoot.xib */ = {isa = PBXFileReference; lastKnownFileType = file.xib; path = TestCollectionHeadFoot.xib; sourceTree = "<group>"; };
		0EC4BA782A47D61E008EB77B /* TestBaseVC.h */ = {isa = PBXFileReference; lastKnownFileType = sourcecode.c.h; path = TestBaseVC.h; sourceTree = "<group>"; };
		0EC4BA792A47D61E008EB77B /* TestBaseVC.m */ = {isa = PBXFileReference; lastKnownFileType = sourcecode.c.objc; path = TestBaseVC.m; sourceTree = "<group>"; };
		0EC4BA822A47DE56008EB77B /* TestBaseVC11.h */ = {isa = PBXFileReference; lastKnownFileType = sourcecode.c.h; path = TestBaseVC11.h; sourceTree = "<group>"; };
		0EC4BA832A47DE56008EB77B /* TestBaseVC11.m */ = {isa = PBXFileReference; lastKnownFileType = sourcecode.c.objc; path = TestBaseVC11.m; sourceTree = "<group>"; };
		0EC4BCE02A4AB00A008EB77B /* TestTableView.h */ = {isa = PBXFileReference; lastKnownFileType = sourcecode.c.h; path = TestTableView.h; sourceTree = "<group>"; };
		0EC4BCE12A4AB00A008EB77B /* TestTableView.m */ = {isa = PBXFileReference; lastKnownFileType = sourcecode.c.objc; path = TestTableView.m; sourceTree = "<group>"; };
		0EC4BCE32A4AB024008EB77B /* TestTableViewShow.h */ = {isa = PBXFileReference; lastKnownFileType = sourcecode.c.h; path = TestTableViewShow.h; sourceTree = "<group>"; };
		0EC4BCE42A4AB024008EB77B /* TestTableViewShow.m */ = {isa = PBXFileReference; lastKnownFileType = sourcecode.c.objc; path = TestTableViewShow.m; sourceTree = "<group>"; };
		0EC4BCE62A4AB1F5008EB77B /* TestTableViewShowCell.h */ = {isa = PBXFileReference; lastKnownFileType = sourcecode.c.h; path = TestTableViewShowCell.h; sourceTree = "<group>"; };
		0EC4BCE72A4AB1F5008EB77B /* TestTableViewShowCell.m */ = {isa = PBXFileReference; lastKnownFileType = sourcecode.c.objc; path = TestTableViewShowCell.m; sourceTree = "<group>"; };
		0EC4BCE82A4AB1F5008EB77B /* TestTableViewShowCell.xib */ = {isa = PBXFileReference; lastKnownFileType = file.xib; path = TestTableViewShowCell.xib; sourceTree = "<group>"; };
		0ED648AD2A3D91B80020E918 /* TabBarDemoVC.h */ = {isa = PBXFileReference; lastKnownFileType = sourcecode.c.h; path = TabBarDemoVC.h; sourceTree = "<group>"; };
		0ED648AE2A3D91B80020E918 /* TabBarDemoVC.m */ = {isa = PBXFileReference; lastKnownFileType = sourcecode.c.objc; path = TabBarDemoVC.m; sourceTree = "<group>"; };
		0ED648B02A3D92B90020E918 /* TabBar1VC.h */ = {isa = PBXFileReference; lastKnownFileType = sourcecode.c.h; path = TabBar1VC.h; sourceTree = "<group>"; };
		0ED648B12A3D92B90020E918 /* TabBar1VC.m */ = {isa = PBXFileReference; lastKnownFileType = sourcecode.c.objc; path = TabBar1VC.m; sourceTree = "<group>"; };
		0ED648B32A3D92C50020E918 /* TabBar2VC.h */ = {isa = PBXFileReference; lastKnownFileType = sourcecode.c.h; path = TabBar2VC.h; sourceTree = "<group>"; };
		0ED648B42A3D92C50020E918 /* TabBar2VC.m */ = {isa = PBXFileReference; lastKnownFileType = sourcecode.c.objc; path = TabBar2VC.m; sourceTree = "<group>"; };
		0ED648B62A3D92CC0020E918 /* TabBar3VC.h */ = {isa = PBXFileReference; lastKnownFileType = sourcecode.c.h; path = TabBar3VC.h; sourceTree = "<group>"; };
		0ED648B72A3D92CC0020E918 /* TabBar3VC.m */ = {isa = PBXFileReference; lastKnownFileType = sourcecode.c.objc; path = TabBar3VC.m; sourceTree = "<group>"; };
		0ED648B92A3D92D50020E918 /* TabBar4VC.h */ = {isa = PBXFileReference; lastKnownFileType = sourcecode.c.h; path = TabBar4VC.h; sourceTree = "<group>"; };
		0ED648BA2A3D92D50020E918 /* TabBar4VC.m */ = {isa = PBXFileReference; lastKnownFileType = sourcecode.c.objc; path = TabBar4VC.m; sourceTree = "<group>"; };
		0ED648BC2A3D92DD0020E918 /* TabBar5VC.h */ = {isa = PBXFileReference; lastKnownFileType = sourcecode.c.h; path = TabBar5VC.h; sourceTree = "<group>"; };
		0ED648BD2A3D92DD0020E918 /* TabBar5VC.m */ = {isa = PBXFileReference; lastKnownFileType = sourcecode.c.objc; path = TabBar5VC.m; sourceTree = "<group>"; };
		0ED648BF2A3D94080020E918 /* PrefixHeader.pch */ = {isa = PBXFileReference; lastKnownFileType = sourcecode.c.h; path = PrefixHeader.pch; sourceTree = "<group>"; };
		0ED648C12A3D9F9B0020E918 /* KWColorDemo.h */ = {isa = PBXFileReference; lastKnownFileType = sourcecode.c.h; path = KWColorDemo.h; sourceTree = "<group>"; };
		0ED648C22A3D9F9B0020E918 /* KWColorDemo.m */ = {isa = PBXFileReference; lastKnownFileType = sourcecode.c.objc; path = KWColorDemo.m; sourceTree = "<group>"; };
		0ED649612A404F7C0020E918 /* KWNavigationVC.h */ = {isa = PBXFileReference; lastKnownFileType = sourcecode.c.h; path = KWNavigationVC.h; sourceTree = "<group>"; };
		0ED649622A404F7C0020E918 /* KWNavigationVC.m */ = {isa = PBXFileReference; lastKnownFileType = sourcecode.c.objc; path = KWNavigationVC.m; sourceTree = "<group>"; };
		0ED649642A404FA70020E918 /* KWNavigationVC1.h */ = {isa = PBXFileReference; lastKnownFileType = sourcecode.c.h; path = KWNavigationVC1.h; sourceTree = "<group>"; };
		0ED649652A404FA70020E918 /* KWNavigationVC1.m */ = {isa = PBXFileReference; lastKnownFileType = sourcecode.c.objc; path = KWNavigationVC1.m; sourceTree = "<group>"; };
		0EEBD0F52A394C71003F04DF /* KWOC.app */ = {isa = PBXFileReference; explicitFileType = wrapper.application; includeInIndex = 0; path = KWOC.app; sourceTree = BUILT_PRODUCTS_DIR; };
		0EEBD0F82A394C71003F04DF /* AppDelegate.h */ = {isa = PBXFileReference; lastKnownFileType = sourcecode.c.h; path = AppDelegate.h; sourceTree = "<group>"; };
		0EEBD0F92A394C71003F04DF /* AppDelegate.m */ = {isa = PBXFileReference; lastKnownFileType = sourcecode.c.objc; path = AppDelegate.m; sourceTree = "<group>"; };
		0EEBD0FB2A394C71003F04DF /* SceneDelegate.h */ = {isa = PBXFileReference; lastKnownFileType = sourcecode.c.h; path = SceneDelegate.h; sourceTree = "<group>"; };
		0EEBD0FC2A394C71003F04DF /* SceneDelegate.m */ = {isa = PBXFileReference; lastKnownFileType = sourcecode.c.objc; path = SceneDelegate.m; sourceTree = "<group>"; };
		0EEBD0FE2A394C71003F04DF /* ViewController.h */ = {isa = PBXFileReference; lastKnownFileType = sourcecode.c.h; path = ViewController.h; sourceTree = "<group>"; };
		0EEBD0FF2A394C71003F04DF /* ViewController.m */ = {isa = PBXFileReference; lastKnownFileType = sourcecode.c.objc; path = ViewController.m; sourceTree = "<group>"; };
		0EEBD1022A394C71003F04DF /* Base */ = {isa = PBXFileReference; lastKnownFileType = file.storyboard; name = Base; path = Base.lproj/Main.storyboard; sourceTree = "<group>"; };
		0EEBD1042A394C73003F04DF /* Assets.xcassets */ = {isa = PBXFileReference; lastKnownFileType = folder.assetcatalog; path = Assets.xcassets; sourceTree = "<group>"; };
		0EEBD1072A394C73003F04DF /* Base */ = {isa = PBXFileReference; lastKnownFileType = file.storyboard; name = Base; path = Base.lproj/LaunchScreen.storyboard; sourceTree = "<group>"; };
		0EEBD1092A394C73003F04DF /* Info.plist */ = {isa = PBXFileReference; lastKnownFileType = text.plist.xml; path = Info.plist; sourceTree = "<group>"; };
		0EEBD10A2A394C73003F04DF /* main.m */ = {isa = PBXFileReference; lastKnownFileType = sourcecode.c.objc; path = main.m; sourceTree = "<group>"; };
		0EEBD1202A39541C003F04DF /* KWOC-Bridging-header.h */ = {isa = PBXFileReference; lastKnownFileType = sourcecode.c.h; path = "KWOC-Bridging-header.h"; sourceTree = "<group>"; };
		DB36A7E24F9F228971E91AB2 /* Pods-KWOC.release.xcconfig */ = {isa = PBXFileReference; includeInIndex = 1; lastKnownFileType = text.xcconfig; name = "Pods-KWOC.release.xcconfig"; path = "Target Support Files/Pods-KWOC/Pods-KWOC.release.xcconfig"; sourceTree = "<group>"; };
		E6FC095D7065C456FA23729A /* Pods-KWOC.debug.xcconfig */ = {isa = PBXFileReference; includeInIndex = 1; lastKnownFileType = text.xcconfig; name = "Pods-KWOC.debug.xcconfig"; path = "Target Support Files/Pods-KWOC/Pods-KWOC.debug.xcconfig"; sourceTree = "<group>"; };
		E72ABF6961B50BB63AC2DC77 /* Pods_KWOC.framework */ = {isa = PBXFileReference; explicitFileType = wrapper.framework; includeInIndex = 0; path = Pods_KWOC.framework; sourceTree = BUILT_PRODUCTS_DIR; };
/* End PBXFileReference section */

/* Begin PBXFrameworksBuildPhase section */
		0EEBD0F22A394C71003F04DF /* Frameworks */ = {
			isa = PBXFrameworksBuildPhase;
			buildActionMask = 2147483647;
			files = (
				5592C3F4ADEA29F01C74E4B2 /* Pods_KWOC.framework in Frameworks */,
			);
			runOnlyForDeploymentPostprocessing = 0;
		};
/* End PBXFrameworksBuildPhase section */

/* Begin PBXGroup section */
		0E5BFDED2A4EAC1F00BB2679 /* KWFrameWork */ = {
			isa = PBXGroup;
			children = (
				0E5BFDEE2A4EAC1F00BB2679 /* KWSwift.swift */,
				0E5BFDEF2A4EAC1F00BB2679 /* Extension */,
				0E5BFDF22A4EAC1F00BB2679 /* BaseClass */,
				0E5BFE112A4EAC1F00BB2679 /* Const */,
				0E5BFE152A4EAC1F00BB2679 /* SDKManager */,
			);
			name = KWFrameWork;
			path = ../KWFrameWork;
			sourceTree = "<group>";
		};
		0E5BFDEF2A4EAC1F00BB2679 /* Extension */ = {
			isa = PBXGroup;
			children = (
				0E5BFDF02A4EAC1F00BB2679 /* UIColorExt.swift */,
				0E5BFDF12A4EAC1F00BB2679 /* UIViewControllerExt.swift */,
			);
			path = Extension;
			sourceTree = "<group>";
		};
		0E5BFDF22A4EAC1F00BB2679 /* BaseClass */ = {
			isa = PBXGroup;
			children = (
				0E5BFDF32A4EAC1F00BB2679 /* O_CollectionViewController */,
				0E5BFDF82A4EAC1F00BB2679 /* NavigationController */,
				0E5BFDFC2A4EAC1F00BB2679 /* O_TableViewController */,
				0E5BFE012A4EAC1F00BB2679 /* S_CollectionViewController */,
				0E5BFE052A4EAC1F00BB2679 /* S_TableViewController */,
				0E5BFE082A4EAC1F00BB2679 /* S_ViewController */,
				0E5BFE0A2A4EAC1F00BB2679 /* O_ViewController */,
				0E5BFE0D2A4EAC1F00BB2679 /* Model */,
				0E5BFE0F2A4EAC1F00BB2679 /* TabbarController */,
			);
			path = BaseClass;
			sourceTree = "<group>";
		};
		0E5BFDF32A4EAC1F00BB2679 /* O_CollectionViewController */ = {
			isa = PBXGroup;
			children = (
				0E5BFDF52A4EAC1F00BB2679 /* KOCollectionVC.h */,
				0E5BFDF72A4EAC1F00BB2679 /* KOCollectionVC.m */,
				0E5BFDF62A4EAC1F00BB2679 /* KOCollectionCell.h */,
				0E5BFDF42A4EAC1F00BB2679 /* KOCollectionCell.m */,
			);
			path = O_CollectionViewController;
			sourceTree = "<group>";
		};
		0E5BFDF82A4EAC1F00BB2679 /* NavigationController */ = {
			isa = PBXGroup;
			children = (
				0E5BFDF92A4EAC1F00BB2679 /* KWNavigationController.swift */,
				0E5BFDFA2A4EAC1F00BB2679 /* KWFakeNavigationBar.swift */,
				0E5BFDFB2A4EAC1F00BB2679 /* UIViewController+KWNavigationBar.swift */,
			);
			path = NavigationController;
			sourceTree = "<group>";
		};
		0E5BFDFC2A4EAC1F00BB2679 /* O_TableViewController */ = {
			isa = PBXGroup;
			children = (
				0E5BFDFD2A4EAC1F00BB2679 /* KOTableVC.m */,
				0E5BFDFE2A4EAC1F00BB2679 /* KOTableCell.m */,
				0E5BFDFF2A4EAC1F00BB2679 /* KOTableVC.h */,
				0E5BFE002A4EAC1F00BB2679 /* KOTableCell.h */,
			);
			path = O_TableViewController;
			sourceTree = "<group>";
		};
		0E5BFE012A4EAC1F00BB2679 /* S_CollectionViewController */ = {
			isa = PBXGroup;
			children = (
				0E5BFE022A4EAC1F00BB2679 /* KSCollectionVC.swift */,
				0E5BFE032A4EAC1F00BB2679 /* KSCollectionCell.swift */,
				0E5BFE042A4EAC1F00BB2679 /* KWFlowLayout.swift */,
			);
			path = S_CollectionViewController;
			sourceTree = "<group>";
		};
		0E5BFE052A4EAC1F00BB2679 /* S_TableViewController */ = {
			isa = PBXGroup;
			children = (
				0E5BFE062A4EAC1F00BB2679 /* KSTableVC.swift */,
				0E5BFE072A4EAC1F00BB2679 /* KSTableCell.swift */,
			);
			path = S_TableViewController;
			sourceTree = "<group>";
		};
		0E5BFE082A4EAC1F00BB2679 /* S_ViewController */ = {
			isa = PBXGroup;
			children = (
				0E5BFE092A4EAC1F00BB2679 /* KSViewController.swift */,
			);
			path = S_ViewController;
			sourceTree = "<group>";
		};
		0E5BFE0A2A4EAC1F00BB2679 /* O_ViewController */ = {
			isa = PBXGroup;
			children = (
				0E5BFE0B2A4EAC1F00BB2679 /* KOViewController.h */,
				0E5BFE0C2A4EAC1F00BB2679 /* KOViewController.m */,
			);
			path = O_ViewController;
			sourceTree = "<group>";
		};
		0E5BFE0D2A4EAC1F00BB2679 /* Model */ = {
			isa = PBXGroup;
			children = (
				0E5BFE0E2A4EAC1F00BB2679 /* KSModel.swift */,
			);
			path = Model;
			sourceTree = "<group>";
		};
		0E5BFE0F2A4EAC1F00BB2679 /* TabbarController */ = {
			isa = PBXGroup;
			children = (
				0E5BFE102A4EAC1F00BB2679 /* KWTabBarController.swift */,
			);
			path = TabbarController;
			sourceTree = "<group>";
		};
		0E5BFE112A4EAC1F00BB2679 /* Const */ = {
			isa = PBXGroup;
			children = (
				0E5BFE122A4EAC1F00BB2679 /* SizeO.h */,
				0E5BFE132A4EAC1F00BB2679 /* AutoFit.swift */,
				0E5BFE142A4EAC1F00BB2679 /* SizeS.swift */,
			);
			path = Const;
			sourceTree = "<group>";
		};
		0E5BFE152A4EAC1F00BB2679 /* SDKManager */ = {
			isa = PBXGroup;
			children = (
				0E5BFE162A4EAC1F00BB2679 /* MJRefresh.swift */,
				0E5BFE172A4EAC1F00BB2679 /* DZNEmptyDataSet.swift */,
			);
			path = SDKManager;
			sourceTree = "<group>";
		};
		0E5BFE2F2A4EAC4400BB2679 /* TestCollectionView */ = {
			isa = PBXGroup;
			children = (
				0E5BFE302A4EAC7300BB2679 /* TestCollectionView.h */,
				0E5BFE312A4EAC7300BB2679 /* TestCollectionView.m */,
				0E5BFE332A4EAC8B00BB2679 /* TestCollectionViewShow.h */,
				0E5BFE342A4EAC8B00BB2679 /* TestCollectionViewShow.m */,
				0E5BFE362A4EB64700BB2679 /* TestCollectionViewShowCell.h */,
				0E5BFE372A4EB64700BB2679 /* TestCollectionViewShowCell.m */,
				0E5BFE382A4EB64700BB2679 /* TestCollectionViewShowCell.xib */,
				0E5BFE412A4EB9A000BB2679 /* TestCollectionViewShow1.h */,
				0E5BFE422A4EB9A000BB2679 /* TestCollectionViewShow1.m */,
				0E5BFE442A4EB9BD00BB2679 /* TestCollectionViewShow1Cell1.h */,
				0E5BFE452A4EB9BD00BB2679 /* TestCollectionViewShow1Cell1.m */,
				0E5BFE462A4EB9BD00BB2679 /* TestCollectionViewShow1Cell1.xib */,
				0E5BFE492A4EB9CB00BB2679 /* TestCollectionViewShow1Cell2.h */,
				0E5BFE4A2A4EB9CB00BB2679 /* TestCollectionViewShow1Cell2.m */,
				0E5BFE4C2A4EBCF300BB2679 /* TestCollectionHeadFoot.h */,
				0E5BFE4D2A4EBCF300BB2679 /* TestCollectionHeadFoot.m */,
				0E5BFE4E2A4EBCF300BB2679 /* TestCollectionHeadFoot.xib */,
			);
			path = TestCollectionView;
			sourceTree = "<group>";
		};
		0EC4BA772A47D5F3008EB77B /* KWViewController */ = {
			isa = PBXGroup;
			children = (
				0EC4BA782A47D61E008EB77B /* TestBaseVC.h */,
				0EC4BA792A47D61E008EB77B /* TestBaseVC.m */,
				0EC4BA822A47DE56008EB77B /* TestBaseVC11.h */,
				0EC4BA832A47DE56008EB77B /* TestBaseVC11.m */,
			);
			path = KWViewController;
			sourceTree = "<group>";
		};
		0EC4BCDF2A4AAFC2008EB77B /* TestTableView */ = {
			isa = PBXGroup;
			children = (
				0EC4BCE02A4AB00A008EB77B /* TestTableView.h */,
				0EC4BCE12A4AB00A008EB77B /* TestTableView.m */,
				0EC4BCE32A4AB024008EB77B /* TestTableViewShow.h */,
				0EC4BCE42A4AB024008EB77B /* TestTableViewShow.m */,
				0EC4BCE62A4AB1F5008EB77B /* TestTableViewShowCell.h */,
				0EC4BCE72A4AB1F5008EB77B /* TestTableViewShowCell.m */,
				0EC4BCE82A4AB1F5008EB77B /* TestTableViewShowCell.xib */,
			);
			path = TestTableView;
			sourceTree = "<group>";
		};
		0ED648AB2A3D91850020E918 /* UseDemo */ = {
			isa = PBXGroup;
			children = (
				0E5BFE2F2A4EAC4400BB2679 /* TestCollectionView */,
				0EC4BCDF2A4AAFC2008EB77B /* TestTableView */,
				0EC4BA772A47D5F3008EB77B /* KWViewController */,
				0ED649602A404F620020E918 /* KWNavigation */,
				0ED648C02A3D9F6E0020E918 /* KWColor */,
				0ED648AC2A3D91950020E918 /* KWTabBar */,
			);
			path = UseDemo;
			sourceTree = "<group>";
		};
		0ED648AC2A3D91950020E918 /* KWTabBar */ = {
			isa = PBXGroup;
			children = (
				0ED648AD2A3D91B80020E918 /* TabBarDemoVC.h */,
				0ED648AE2A3D91B80020E918 /* TabBarDemoVC.m */,
				0ED648B02A3D92B90020E918 /* TabBar1VC.h */,
				0ED648B12A3D92B90020E918 /* TabBar1VC.m */,
				0ED648B32A3D92C50020E918 /* TabBar2VC.h */,
				0ED648B42A3D92C50020E918 /* TabBar2VC.m */,
				0ED648B62A3D92CC0020E918 /* TabBar3VC.h */,
				0ED648B72A3D92CC0020E918 /* TabBar3VC.m */,
				0ED648B92A3D92D50020E918 /* TabBar4VC.h */,
				0ED648BA2A3D92D50020E918 /* TabBar4VC.m */,
				0ED648BC2A3D92DD0020E918 /* TabBar5VC.h */,
				0ED648BD2A3D92DD0020E918 /* TabBar5VC.m */,
			);
			path = KWTabBar;
			sourceTree = "<group>";
		};
		0ED648C02A3D9F6E0020E918 /* KWColor */ = {
			isa = PBXGroup;
			children = (
				0ED648C12A3D9F9B0020E918 /* KWColorDemo.h */,
				0ED648C22A3D9F9B0020E918 /* KWColorDemo.m */,
			);
			path = KWColor;
			sourceTree = "<group>";
		};
		0ED649602A404F620020E918 /* KWNavigation */ = {
			isa = PBXGroup;
			children = (
				0ED649612A404F7C0020E918 /* KWNavigationVC.h */,
				0ED649622A404F7C0020E918 /* KWNavigationVC.m */,
				0ED649642A404FA70020E918 /* KWNavigationVC1.h */,
				0ED649652A404FA70020E918 /* KWNavigationVC1.m */,
			);
			path = KWNavigation;
			sourceTree = "<group>";
		};
		0EEBD0EC2A394C71003F04DF = {
			isa = PBXGroup;
			children = (
				0E5BFDED2A4EAC1F00BB2679 /* KWFrameWork */,
				0EEBD1202A39541C003F04DF /* KWOC-Bridging-header.h */,
				0EEBD0F72A394C71003F04DF /* KWOC */,
				0EEBD0F62A394C71003F04DF /* Products */,
				684BB6E64439264BBC236BBC /* Pods */,
				CEA61D5DA22C8A640B72990E /* Frameworks */,
			);
			sourceTree = "<group>";
		};
		0EEBD0F62A394C71003F04DF /* Products */ = {
			isa = PBXGroup;
			children = (
				0EEBD0F52A394C71003F04DF /* KWOC.app */,
			);
			name = Products;
			sourceTree = "<group>";
		};
		0EEBD0F72A394C71003F04DF /* KWOC */ = {
			isa = PBXGroup;
			children = (
				0ED648AB2A3D91850020E918 /* UseDemo */,
				0EEBD0F82A394C71003F04DF /* AppDelegate.h */,
				0EEBD0F92A394C71003F04DF /* AppDelegate.m */,
				0EEBD0FB2A394C71003F04DF /* SceneDelegate.h */,
				0EEBD0FC2A394C71003F04DF /* SceneDelegate.m */,
				0EEBD0FE2A394C71003F04DF /* ViewController.h */,
				0EEBD0FF2A394C71003F04DF /* ViewController.m */,
				0ED648BF2A3D94080020E918 /* PrefixHeader.pch */,
				0EEBD1012A394C71003F04DF /* Main.storyboard */,
				0EEBD1042A394C73003F04DF /* Assets.xcassets */,
				0EEBD1062A394C73003F04DF /* LaunchScreen.storyboard */,
				0EEBD1092A394C73003F04DF /* Info.plist */,
				0EEBD10A2A394C73003F04DF /* main.m */,
			);
			path = KWOC;
			sourceTree = "<group>";
		};
		684BB6E64439264BBC236BBC /* Pods */ = {
			isa = PBXGroup;
			children = (
				E6FC095D7065C456FA23729A /* Pods-KWOC.debug.xcconfig */,
				DB36A7E24F9F228971E91AB2 /* Pods-KWOC.release.xcconfig */,
			);
			path = Pods;
			sourceTree = "<group>";
		};
		CEA61D5DA22C8A640B72990E /* Frameworks */ = {
			isa = PBXGroup;
			children = (
				E72ABF6961B50BB63AC2DC77 /* Pods_KWOC.framework */,
			);
			name = Frameworks;
			sourceTree = "<group>";
		};
/* End PBXGroup section */

/* Begin PBXNativeTarget section */
		0EEBD0F42A394C71003F04DF /* KWOC */ = {
			isa = PBXNativeTarget;
			buildConfigurationList = 0EEBD10E2A394C73003F04DF /* Build configuration list for PBXNativeTarget "KWOC" */;
			buildPhases = (
				4A9FD5444EF56E604A575C71 /* [CP] Check Pods Manifest.lock */,
				0EEBD0F12A394C71003F04DF /* Sources */,
				0EEBD0F22A394C71003F04DF /* Frameworks */,
				0EEBD0F32A394C71003F04DF /* Resources */,
				D92591586ABA6D8C02DEEE43 /* [CP] Embed Pods Frameworks */,
			);
			buildRules = (
			);
			dependencies = (
			);
			name = KWOC;
			productName = KWOC;
			productReference = 0EEBD0F52A394C71003F04DF /* KWOC.app */;
			productType = "com.apple.product-type.application";
		};
/* End PBXNativeTarget section */

/* Begin PBXProject section */
		0EEBD0ED2A394C71003F04DF /* Project object */ = {
			isa = PBXProject;
			attributes = {
				BuildIndependentTargetsInParallel = 1;
				LastUpgradeCheck = 1420;
				TargetAttributes = {
					0EEBD0F42A394C71003F04DF = {
						CreatedOnToolsVersion = 14.2;
					};
				};
			};
			buildConfigurationList = 0EEBD0F02A394C71003F04DF /* Build configuration list for PBXProject "KWOC" */;
			compatibilityVersion = "Xcode 14.0";
			developmentRegion = en;
			hasScannedForEncodings = 0;
			knownRegions = (
				en,
				Base,
			);
			mainGroup = 0EEBD0EC2A394C71003F04DF;
			productRefGroup = 0EEBD0F62A394C71003F04DF /* Products */;
			projectDirPath = "";
			projectRoot = "";
			targets = (
				0EEBD0F42A394C71003F04DF /* KWOC */,
			);
		};
/* End PBXProject section */

/* Begin PBXResourcesBuildPhase section */
		0EEBD0F32A394C71003F04DF /* Resources */ = {
			isa = PBXResourcesBuildPhase;
			buildActionMask = 2147483647;
			files = (
				0E5BFE502A4EBCF300BB2679 /* TestCollectionHeadFoot.xib in Resources */,
				0E5BFE482A4EB9BD00BB2679 /* TestCollectionViewShow1Cell1.xib in Resources */,
				0EEBD1082A394C73003F04DF /* LaunchScreen.storyboard in Resources */,
				0EEBD1052A394C73003F04DF /* Assets.xcassets in Resources */,
				0EC4BCEA2A4AB1F5008EB77B /* TestTableViewShowCell.xib in Resources */,
				0EEBD1032A394C71003F04DF /* Main.storyboard in Resources */,
				0E5BFE3A2A4EB64700BB2679 /* TestCollectionViewShowCell.xib in Resources */,
			);
			runOnlyForDeploymentPostprocessing = 0;
		};
/* End PBXResourcesBuildPhase section */

/* Begin PBXShellScriptBuildPhase section */
		4A9FD5444EF56E604A575C71 /* [CP] Check Pods Manifest.lock */ = {
			isa = PBXShellScriptBuildPhase;
			buildActionMask = 2147483647;
			files = (
			);
			inputFileListPaths = (
			);
			inputPaths = (
				"${PODS_PODFILE_DIR_PATH}/Podfile.lock",
				"${PODS_ROOT}/Manifest.lock",
			);
			name = "[CP] Check Pods Manifest.lock";
			outputFileListPaths = (
			);
			outputPaths = (
				"$(DERIVED_FILE_DIR)/Pods-KWOC-checkManifestLockResult.txt",
			);
			runOnlyForDeploymentPostprocessing = 0;
			shellPath = /bin/sh;
			shellScript = "diff \"${PODS_PODFILE_DIR_PATH}/Podfile.lock\" \"${PODS_ROOT}/Manifest.lock\" > /dev/null\nif [ $? != 0 ] ; then\n    # print error to STDERR\n    echo \"error: The sandbox is not in sync with the Podfile.lock. Run 'pod install' or update your CocoaPods installation.\" >&2\n    exit 1\nfi\n# This output is used by Xcode 'outputs' to avoid re-running this script phase.\necho \"SUCCESS\" > \"${SCRIPT_OUTPUT_FILE_0}\"\n";
			showEnvVarsInLog = 0;
		};
		D92591586ABA6D8C02DEEE43 /* [CP] Embed Pods Frameworks */ = {
			isa = PBXShellScriptBuildPhase;
			buildActionMask = 2147483647;
			files = (
			);
			inputFileListPaths = (
				"${PODS_ROOT}/Target Support Files/Pods-KWOC/Pods-KWOC-frameworks-${CONFIGURATION}-input-files.xcfilelist",
			);
			name = "[CP] Embed Pods Frameworks";
			outputFileListPaths = (
				"${PODS_ROOT}/Target Support Files/Pods-KWOC/Pods-KWOC-frameworks-${CONFIGURATION}-output-files.xcfilelist",
			);
			runOnlyForDeploymentPostprocessing = 0;
			shellPath = /bin/sh;
			shellScript = "\"${PODS_ROOT}/Target Support Files/Pods-KWOC/Pods-KWOC-frameworks.sh\"\n";
			showEnvVarsInLog = 0;
		};
/* End PBXShellScriptBuildPhase section */

/* Begin PBXSourcesBuildPhase section */
		0EEBD0F12A394C71003F04DF /* Sources */ = {
			isa = PBXSourcesBuildPhase;
			buildActionMask = 2147483647;
			files = (
				0EEBD1002A394C71003F04DF /* ViewController.m in Sources */,
				0E5BFE232A4EAC1F00BB2679 /* KSCollectionCell.swift in Sources */,
				0E5BFE2B2A4EAC1F00BB2679 /* AutoFit.swift in Sources */,
				0ED648B82A3D92CC0020E918 /* TabBar3VC.m in Sources */,
				0ED648B22A3D92B90020E918 /* TabBar1VC.m in Sources */,
				0E5BFE202A4EAC1F00BB2679 /* KOTableVC.m in Sources */,
				0E5BFE1B2A4EAC1F00BB2679 /* KOCollectionCell.m in Sources */,
				0ED648BB2A3D92D50020E918 /* TabBar4VC.m in Sources */,
				0E5BFE2D2A4EAC1F00BB2679 /* MJRefresh.swift in Sources */,
				0E5BFE242A4EAC1F00BB2679 /* KWFlowLayout.swift in Sources */,
				0E5BFE212A4EAC1F00BB2679 /* KOTableCell.m in Sources */,
				0E5BFE432A4EB9A000BB2679 /* TestCollectionViewShow1.m in Sources */,
				0E5BFE252A4EAC1F00BB2679 /* KSTableVC.swift in Sources */,
				0EEBD0FA2A394C71003F04DF /* AppDelegate.m in Sources */,
				0E5BFE4B2A4EB9CB00BB2679 /* TestCollectionViewShow1Cell2.m in Sources */,
				0E5BFE292A4EAC1F00BB2679 /* KSModel.swift in Sources */,
				0E5BFE262A4EAC1F00BB2679 /* KSTableCell.swift in Sources */,
				0E5BFE2E2A4EAC1F00BB2679 /* DZNEmptyDataSet.swift in Sources */,
				0E5BFE352A4EAC8B00BB2679 /* TestCollectionViewShow.m in Sources */,
				0E5BFE222A4EAC1F00BB2679 /* KSCollectionVC.swift in Sources */,
				0E5BFE1A2A4EAC1F00BB2679 /* UIViewControllerExt.swift in Sources */,
				0EC4BA842A47DE56008EB77B /* TestBaseVC11.m in Sources */,
				0ED648C32A3D9F9B0020E918 /* KWColorDemo.m in Sources */,
				0EC4BCE52A4AB024008EB77B /* TestTableViewShow.m in Sources */,
				0ED648BE2A3D92DD0020E918 /* TabBar5VC.m in Sources */,
				0E5BFE2A2A4EAC1F00BB2679 /* KWTabBarController.swift in Sources */,
				0EEBD10B2A394C73003F04DF /* main.m in Sources */,
				0ED648B52A3D92C50020E918 /* TabBar2VC.m in Sources */,
				0E5BFE272A4EAC1F00BB2679 /* KSViewController.swift in Sources */,
				0EC4BA7A2A47D61E008EB77B /* TestBaseVC.m in Sources */,
				0E5BFE2C2A4EAC1F00BB2679 /* SizeS.swift in Sources */,
				0E5BFE1F2A4EAC1F00BB2679 /* UIViewController+KWNavigationBar.swift in Sources */,
				0EC4BCE22A4AB00A008EB77B /* TestTableView.m in Sources */,
				0E5BFE192A4EAC1F00BB2679 /* UIColorExt.swift in Sources */,
				0E5BFE472A4EB9BD00BB2679 /* TestCollectionViewShow1Cell1.m in Sources */,
				0ED649632A404F7C0020E918 /* KWNavigationVC.m in Sources */,
				0E5BFE1E2A4EAC1F00BB2679 /* KWFakeNavigationBar.swift in Sources */,
				0ED648AF2A3D91B80020E918 /* TabBarDemoVC.m in Sources */,
				0E5BFE392A4EB64700BB2679 /* TestCollectionViewShowCell.m in Sources */,
				0E5BFE322A4EAC7300BB2679 /* TestCollectionView.m in Sources */,
				0ED649662A404FA70020E918 /* KWNavigationVC1.m in Sources */,
				0E5BFE4F2A4EBCF300BB2679 /* TestCollectionHeadFoot.m in Sources */,
				0E5BFE1C2A4EAC1F00BB2679 /* KOCollectionVC.m in Sources */,
				0EEBD0FD2A394C71003F04DF /* SceneDelegate.m in Sources */,
				0E5BFE1D2A4EAC1F00BB2679 /* KWNavigationController.swift in Sources */,
				0EC4BCE92A4AB1F5008EB77B /* TestTableViewShowCell.m in Sources */,
				0E5BFE182A4EAC1F00BB2679 /* KWSwift.swift in Sources */,
				0E5BFE282A4EAC1F00BB2679 /* KOViewController.m in Sources */,
			);
			runOnlyForDeploymentPostprocessing = 0;
		};
/* End PBXSourcesBuildPhase section */

/* Begin PBXVariantGroup section */
		0EEBD1012A394C71003F04DF /* Main.storyboard */ = {
			isa = PBXVariantGroup;
			children = (
				0EEBD1022A394C71003F04DF /* Base */,
			);
			name = Main.storyboard;
			sourceTree = "<group>";
		};
		0EEBD1062A394C73003F04DF /* LaunchScreen.storyboard */ = {
			isa = PBXVariantGroup;
			children = (
				0EEBD1072A394C73003F04DF /* Base */,
			);
			name = LaunchScreen.storyboard;
			sourceTree = "<group>";
		};
/* End PBXVariantGroup section */

/* Begin XCBuildConfiguration section */
		0EEBD10C2A394C73003F04DF /* Debug */ = {
			isa = XCBuildConfiguration;
			buildSettings = {
				ALWAYS_SEARCH_USER_PATHS = NO;
				CLANG_ANALYZER_NONNULL = YES;
				CLANG_ANALYZER_NUMBER_OBJECT_CONVERSION = YES_AGGRESSIVE;
				CLANG_CXX_LANGUAGE_STANDARD = "gnu++20";
				CLANG_ENABLE_MODULES = YES;
				CLANG_ENABLE_OBJC_ARC = YES;
				CLANG_ENABLE_OBJC_WEAK = YES;
				CLANG_WARN_BLOCK_CAPTURE_AUTORELEASING = YES;
				CLANG_WARN_BOOL_CONVERSION = YES;
				CLANG_WARN_COMMA = YES;
				CLANG_WARN_CONSTANT_CONVERSION = YES;
				CLANG_WARN_DEPRECATED_OBJC_IMPLEMENTATIONS = YES;
				CLANG_WARN_DIRECT_OBJC_ISA_USAGE = YES_ERROR;
				CLANG_WARN_DOCUMENTATION_COMMENTS = YES;
				CLANG_WARN_EMPTY_BODY = YES;
				CLANG_WARN_ENUM_CONVERSION = YES;
				CLANG_WARN_INFINITE_RECURSION = YES;
				CLANG_WARN_INT_CONVERSION = YES;
				CLANG_WARN_NON_LITERAL_NULL_CONVERSION = YES;
				CLANG_WARN_OBJC_IMPLICIT_RETAIN_SELF = YES;
				CLANG_WARN_OBJC_LITERAL_CONVERSION = YES;
				CLANG_WARN_OBJC_ROOT_CLASS = YES_ERROR;
				CLANG_WARN_QUOTED_INCLUDE_IN_FRAMEWORK_HEADER = YES;
				CLANG_WARN_RANGE_LOOP_ANALYSIS = YES;
				CLANG_WARN_STRICT_PROTOTYPES = YES;
				CLANG_WARN_SUSPICIOUS_MOVE = YES;
				CLANG_WARN_UNGUARDED_AVAILABILITY = YES_AGGRESSIVE;
				CLANG_WARN_UNREACHABLE_CODE = YES;
				CLANG_WARN__DUPLICATE_METHOD_MATCH = YES;
				COPY_PHASE_STRIP = NO;
				DEBUG_INFORMATION_FORMAT = dwarf;
				ENABLE_STRICT_OBJC_MSGSEND = YES;
				ENABLE_TESTABILITY = YES;
				GCC_C_LANGUAGE_STANDARD = gnu11;
				GCC_DYNAMIC_NO_PIC = NO;
				GCC_NO_COMMON_BLOCKS = YES;
				GCC_OPTIMIZATION_LEVEL = 0;
				GCC_PREPROCESSOR_DEFINITIONS = (
					"DEBUG=1",
					"$(inherited)",
				);
				GCC_WARN_64_TO_32_BIT_CONVERSION = YES;
				GCC_WARN_ABOUT_RETURN_TYPE = YES_ERROR;
				GCC_WARN_UNDECLARED_SELECTOR = YES;
				GCC_WARN_UNINITIALIZED_AUTOS = YES_AGGRESSIVE;
				GCC_WARN_UNUSED_FUNCTION = YES;
				GCC_WARN_UNUSED_VARIABLE = YES;
				IPHONEOS_DEPLOYMENT_TARGET = 16.2;
				MTL_ENABLE_DEBUG_INFO = INCLUDE_SOURCE;
				MTL_FAST_MATH = YES;
				ONLY_ACTIVE_ARCH = YES;
				SDKROOT = iphoneos;
			};
			name = Debug;
		};
		0EEBD10D2A394C73003F04DF /* Release */ = {
			isa = XCBuildConfiguration;
			buildSettings = {
				ALWAYS_SEARCH_USER_PATHS = NO;
				CLANG_ANALYZER_NONNULL = YES;
				CLANG_ANALYZER_NUMBER_OBJECT_CONVERSION = YES_AGGRESSIVE;
				CLANG_CXX_LANGUAGE_STANDARD = "gnu++20";
				CLANG_ENABLE_MODULES = YES;
				CLANG_ENABLE_OBJC_ARC = YES;
				CLANG_ENABLE_OBJC_WEAK = YES;
				CLANG_WARN_BLOCK_CAPTURE_AUTORELEASING = YES;
				CLANG_WARN_BOOL_CONVERSION = YES;
				CLANG_WARN_COMMA = YES;
				CLANG_WARN_CONSTANT_CONVERSION = YES;
				CLANG_WARN_DEPRECATED_OBJC_IMPLEMENTATIONS = YES;
				CLANG_WARN_DIRECT_OBJC_ISA_USAGE = YES_ERROR;
				CLANG_WARN_DOCUMENTATION_COMMENTS = YES;
				CLANG_WARN_EMPTY_BODY = YES;
				CLANG_WARN_ENUM_CONVERSION = YES;
				CLANG_WARN_INFINITE_RECURSION = YES;
				CLANG_WARN_INT_CONVERSION = YES;
				CLANG_WARN_NON_LITERAL_NULL_CONVERSION = YES;
				CLANG_WARN_OBJC_IMPLICIT_RETAIN_SELF = YES;
				CLANG_WARN_OBJC_LITERAL_CONVERSION = YES;
				CLANG_WARN_OBJC_ROOT_CLASS = YES_ERROR;
				CLANG_WARN_QUOTED_INCLUDE_IN_FRAMEWORK_HEADER = YES;
				CLANG_WARN_RANGE_LOOP_ANALYSIS = YES;
				CLANG_WARN_STRICT_PROTOTYPES = YES;
				CLANG_WARN_SUSPICIOUS_MOVE = YES;
				CLANG_WARN_UNGUARDED_AVAILABILITY = YES_AGGRESSIVE;
				CLANG_WARN_UNREACHABLE_CODE = YES;
				CLANG_WARN__DUPLICATE_METHOD_MATCH = YES;
				COPY_PHASE_STRIP = NO;
				DEBUG_INFORMATION_FORMAT = "dwarf-with-dsym";
				ENABLE_NS_ASSERTIONS = NO;
				ENABLE_STRICT_OBJC_MSGSEND = YES;
				GCC_C_LANGUAGE_STANDARD = gnu11;
				GCC_NO_COMMON_BLOCKS = YES;
				GCC_WARN_64_TO_32_BIT_CONVERSION = YES;
				GCC_WARN_ABOUT_RETURN_TYPE = YES_ERROR;
				GCC_WARN_UNDECLARED_SELECTOR = YES;
				GCC_WARN_UNINITIALIZED_AUTOS = YES_AGGRESSIVE;
				GCC_WARN_UNUSED_FUNCTION = YES;
				GCC_WARN_UNUSED_VARIABLE = YES;
				IPHONEOS_DEPLOYMENT_TARGET = 16.2;
				MTL_ENABLE_DEBUG_INFO = NO;
				MTL_FAST_MATH = YES;
				SDKROOT = iphoneos;
				VALIDATE_PRODUCT = YES;
			};
			name = Release;
		};
		0EEBD10F2A394C73003F04DF /* Debug */ = {
			isa = XCBuildConfiguration;
			baseConfigurationReference = E6FC095D7065C456FA23729A /* Pods-KWOC.debug.xcconfig */;
			buildSettings = {
				ASSETCATALOG_COMPILER_APPICON_NAME = AppIcon;
				ASSETCATALOG_COMPILER_GLOBAL_ACCENT_COLOR_NAME = AccentColor;
				CODE_SIGN_STYLE = Automatic;
				CURRENT_PROJECT_VERSION = 1;
				DEFINES_MODULE = YES;
				DEVELOPMENT_TEAM = MQ7N2N5WN6;
				GCC_PREFIX_HEADER = "$(SRCROOT)/KWOC/PrefixHeader.pch";
				GENERATE_INFOPLIST_FILE = YES;
				INFOPLIST_FILE = KWOC/Info.plist;
				INFOPLIST_KEY_UIApplicationSupportsIndirectInputEvents = YES;
				INFOPLIST_KEY_UILaunchStoryboardName = LaunchScreen;
				INFOPLIST_KEY_UIMainStoryboardFile = Main;
				INFOPLIST_KEY_UISupportedInterfaceOrientations_iPad = "UIInterfaceOrientationPortrait UIInterfaceOrientationPortraitUpsideDown UIInterfaceOrientationLandscapeLeft UIInterfaceOrientationLandscapeRight";
				INFOPLIST_KEY_UISupportedInterfaceOrientations_iPhone = "UIInterfaceOrientationPortrait UIInterfaceOrientationLandscapeLeft UIInterfaceOrientationLandscapeRight";
				IPHONEOS_DEPLOYMENT_TARGET = 11.1;
				LD_RUNPATH_SEARCH_PATHS = (
					"$(inherited)",
					"@executable_path/Frameworks",
				);
				MARKETING_VERSION = 1.0;
				PRODUCT_BUNDLE_IDENTIFIER = io.kk.KWOC;
				PRODUCT_NAME = "$(TARGET_NAME)";
				SWIFT_EMIT_LOC_STRINGS = YES;
				SWIFT_OBJC_BRIDGING_HEADER = "KWOC-Bridging-header.h";
				SWIFT_OBJC_INTERFACE_HEADER_NAME = "KW-Swift.h";
				SWIFT_VERSION = 5.0;
				TARGETED_DEVICE_FAMILY = "1,2";
			};
			name = Debug;
		};
		0EEBD1102A394C73003F04DF /* Release */ = {
			isa = XCBuildConfiguration;
			baseConfigurationReference = DB36A7E24F9F228971E91AB2 /* Pods-KWOC.release.xcconfig */;
			buildSettings = {
				ASSETCATALOG_COMPILER_APPICON_NAME = AppIcon;
				ASSETCATALOG_COMPILER_GLOBAL_ACCENT_COLOR_NAME = AccentColor;
				CODE_SIGN_STYLE = Automatic;
				CURRENT_PROJECT_VERSION = 1;
				DEFINES_MODULE = YES;
				DEVELOPMENT_TEAM = MQ7N2N5WN6;
				GCC_PREFIX_HEADER = "$(SRCROOT)/KWOC/PrefixHeader.pch";
				GENERATE_INFOPLIST_FILE = YES;
				INFOPLIST_FILE = KWOC/Info.plist;
				INFOPLIST_KEY_UIApplicationSupportsIndirectInputEvents = YES;
				INFOPLIST_KEY_UILaunchStoryboardName = LaunchScreen;
				INFOPLIST_KEY_UIMainStoryboardFile = Main;
				INFOPLIST_KEY_UISupportedInterfaceOrientations_iPad = "UIInterfaceOrientationPortrait UIInterfaceOrientationPortraitUpsideDown UIInterfaceOrientationLandscapeLeft UIInterfaceOrientationLandscapeRight";
				INFOPLIST_KEY_UISupportedInterfaceOrientations_iPhone = "UIInterfaceOrientationPortrait UIInterfaceOrientationLandscapeLeft UIInterfaceOrientationLandscapeRight";
				IPHONEOS_DEPLOYMENT_TARGET = 11.1;
				LD_RUNPATH_SEARCH_PATHS = (
					"$(inherited)",
					"@executable_path/Frameworks",
				);
				MARKETING_VERSION = 1.0;
				PRODUCT_BUNDLE_IDENTIFIER = io.kk.KWOC;
				PRODUCT_NAME = "$(TARGET_NAME)";
				SWIFT_EMIT_LOC_STRINGS = YES;
				SWIFT_OBJC_BRIDGING_HEADER = "KWOC-Bridging-header.h";
				SWIFT_OBJC_INTERFACE_HEADER_NAME = "KW-Swift.h";
				SWIFT_VERSION = 5.0;
				TARGETED_DEVICE_FAMILY = "1,2";
			};
			name = Release;
		};
/* End XCBuildConfiguration section */

/* Begin XCConfigurationList section */
		0EEBD0F02A394C71003F04DF /* Build configuration list for PBXProject "KWOC" */ = {
			isa = XCConfigurationList;
			buildConfigurations = (
				0EEBD10C2A394C73003F04DF /* Debug */,
				0EEBD10D2A394C73003F04DF /* Release */,
			);
			defaultConfigurationIsVisible = 0;
			defaultConfigurationName = Release;
		};
		0EEBD10E2A394C73003F04DF /* Build configuration list for PBXNativeTarget "KWOC" */ = {
			isa = XCConfigurationList;
			buildConfigurations = (
				0EEBD10F2A394C73003F04DF /* Debug */,
				0EEBD1102A394C73003F04DF /* Release */,
			);
			defaultConfigurationIsVisible = 0;
			defaultConfigurationName = Release;
		};
/* End XCConfigurationList section */
	};
	rootObject = 0EEBD0ED2A394C71003F04DF /* Project object */;
}
