// !$*UTF8*$!
{
	archiveVersion = 1;
	classes = {
	};
	objectVersion = 56;
	objects = {

/* Begin PBXBuildFile section */
		0E5B00B92A54039900BB2679 /* UIView+THDXib.m in Sources */ = {isa = PBXBuildFile; fileRef = 0E5B00B82A54039800BB2679 /* UIView+THDXib.m */; };
		0E5B00BE2A5403EF00BB2679 /* UIViewExt.swift in Sources */ = {isa = PBXBuildFile; fileRef = 0E5B00BD2A5403EF00BB2679 /* UIViewExt.swift */; };
		0E5B00C12A54061600BB2679 /* KWViewExtShow.swift in Sources */ = {isa = PBXBuildFile; fileRef = 0E5B00C02A54061600BB2679 /* KWViewExtShow.swift */; };
		0E5BFDA42A4D0CEA00BB2679 /* TestCollectionVCShowCell1.swift in Sources */ = {isa = PBXBuildFile; fileRef = 0E5BFDA32A4D0CEA00BB2679 /* TestCollectionVCShowCell1.swift */; };
		0E5BFDE92A4E756F00BB2679 /* KOCollectionVC.m in Sources */ = {isa = PBXBuildFile; fileRef = 0E5BFDE82A4E756F00BB2679 /* KOCollectionVC.m */; };
		0E5BFDEC2A4E75C700BB2679 /* KOCollectionCell.m in Sources */ = {isa = PBXBuildFile; fileRef = 0E5BFDEB2A4E75C700BB2679 /* KOCollectionCell.m */; };
		0E5BFEFD2A5257A900BB2679 /* KSPageController.swift in Sources */ = {isa = PBXBuildFile; fileRef = 0E5BFEFC2A5257A900BB2679 /* KSPageController.swift */; };
		0E5BFEFF2A5257C000BB2679 /* KSPageController1.swift in Sources */ = {isa = PBXBuildFile; fileRef = 0E5BFEFE2A5257C000BB2679 /* KSPageController1.swift */; };
		0E5BFF012A5257CC00BB2679 /* KSPageController2.swift in Sources */ = {isa = PBXBuildFile; fileRef = 0E5BFF002A5257CC00BB2679 /* KSPageController2.swift */; };
		0E5BFF032A5257D500BB2679 /* KSPageController3.swift in Sources */ = {isa = PBXBuildFile; fileRef = 0E5BFF022A5257D500BB2679 /* KSPageController3.swift */; };
		0E5BFF052A5257E000BB2679 /* KSPageController4.swift in Sources */ = {isa = PBXBuildFile; fileRef = 0E5BFF042A5257E000BB2679 /* KSPageController4.swift */; };
		0E5BFF072A5257EA00BB2679 /* KSPageController5.swift in Sources */ = {isa = PBXBuildFile; fileRef = 0E5BFF062A5257EA00BB2679 /* KSPageController5.swift */; };
		0E5BFF372A526C9C00BB2679 /* KSTitleView.swift in Sources */ = {isa = PBXBuildFile; fileRef = 0E5BFF362A526C9C00BB2679 /* KSTitleView.swift */; };
		0E5BFFA62A52B97A00BB2679 /* KSPageVC.swift in Sources */ = {isa = PBXBuildFile; fileRef = 0E5BFFA52A52B97A00BB2679 /* KSPageVC.swift */; };
		0E5BFFA82A52B99600BB2679 /* KSPageShow.swift in Sources */ = {isa = PBXBuildFile; fileRef = 0E5BFFA72A52B99600BB2679 /* KSPageShow.swift */; };
		0E5BFFAA2A52BBCC00BB2679 /* KSTitleViewShow.swift in Sources */ = {isa = PBXBuildFile; fileRef = 0E5BFFA92A52BBCC00BB2679 /* KSTitleViewShow.swift */; };
		0E5BFFB12A53A3F900BB2679 /* KOPageController.m in Sources */ = {isa = PBXBuildFile; fileRef = 0E5BFFB02A53A3F900BB2679 /* KOPageController.m */; };
		0EA7073B2A42D8F9001745A7 /* UIViewControllerExt.swift in Sources */ = {isa = PBXBuildFile; fileRef = 0EA7073A2A42D8F9001745A7 /* UIViewControllerExt.swift */; };
		0EA7073D2A42D914001745A7 /* KWSwift.swift in Sources */ = {isa = PBXBuildFile; fileRef = 0EA7073C2A42D914001745A7 /* KWSwift.swift */; };
		0EC4BA4F2A47CF2C008EB77B /* KOViewController.m in Sources */ = {isa = PBXBuildFile; fileRef = 0EC4BA4E2A47CF2C008EB77B /* KOViewController.m */; };
		0EC4BA572A47D47D008EB77B /* TestBaseVC.swift in Sources */ = {isa = PBXBuildFile; fileRef = 0EC4BA562A47D47D008EB77B /* TestBaseVC.swift */; };
		0EC4BA7F2A47DBC4008EB77B /* TestBaseVC11.swift in Sources */ = {isa = PBXBuildFile; fileRef = 0EC4BA7E2A47DBC4008EB77B /* TestBaseVC11.swift */; };
		0EC4BA872A480C6B008EB77B /* KSTableVC.swift in Sources */ = {isa = PBXBuildFile; fileRef = 0EC4BA862A480C6B008EB77B /* KSTableVC.swift */; };
		0EC4BAF62A480E96008EB77B /* KSTableCell.swift in Sources */ = {isa = PBXBuildFile; fileRef = 0EC4BAF52A480E96008EB77B /* KSTableCell.swift */; };
		0EC4BAF82A4810E7008EB77B /* KSModel.swift in Sources */ = {isa = PBXBuildFile; fileRef = 0EC4BAF72A4810E6008EB77B /* KSModel.swift */; };
		0EC4BAFF2A481771008EB77B /* MJRefresh.swift in Sources */ = {isa = PBXBuildFile; fileRef = 0EC4BAFE2A481771008EB77B /* MJRefresh.swift */; };
		0EC4BB072A482146008EB77B /* TestTableView.swift in Sources */ = {isa = PBXBuildFile; fileRef = 0EC4BB052A482146008EB77B /* TestTableView.swift */; };
		0EC4BB082A482146008EB77B /* TestTableView.xib in Resources */ = {isa = PBXBuildFile; fileRef = 0EC4BB062A482146008EB77B /* TestTableView.xib */; };
		0EC4BB0A2A482272008EB77B /* TestTableVIewShow.swift in Sources */ = {isa = PBXBuildFile; fileRef = 0EC4BB092A482272008EB77B /* TestTableVIewShow.swift */; };
		0EC4BB0D2A4827AF008EB77B /* TestTableVIewShowCell.swift in Sources */ = {isa = PBXBuildFile; fileRef = 0EC4BB0B2A4827AF008EB77B /* TestTableVIewShowCell.swift */; };
		0EC4BB0E2A4827AF008EB77B /* TestTableVIewShowCell.xib in Resources */ = {isa = PBXBuildFile; fileRef = 0EC4BB0C2A4827AF008EB77B /* TestTableVIewShowCell.xib */; };
		0EC4BBEA2A482FD3008EB77B /* DZNEmptyDataSet.swift in Sources */ = {isa = PBXBuildFile; fileRef = 0EC4BBE92A482FD2008EB77B /* DZNEmptyDataSet.swift */; };
		0EC4BC9F2A4A7372008EB77B /* KOTableVC.m in Sources */ = {isa = PBXBuildFile; fileRef = 0EC4BC9E2A4A7372008EB77B /* KOTableVC.m */; };
		0EC4BCA42A4A881B008EB77B /* KOTableCell.m in Sources */ = {isa = PBXBuildFile; fileRef = 0EC4BCA32A4A881B008EB77B /* KOTableCell.m */; };
		0EC4BE362A4BB6CF008EB77B /* KSCollectionVC.swift in Sources */ = {isa = PBXBuildFile; fileRef = 0EC4BE352A4BB6CF008EB77B /* KSCollectionVC.swift */; };
		0EC4BE382A4BB9DA008EB77B /* KSCollectionCell.swift in Sources */ = {isa = PBXBuildFile; fileRef = 0EC4BE372A4BB9DA008EB77B /* KSCollectionCell.swift */; };
		0EC4BE3B2A4BC5A2008EB77B /* TestCollectionVC.swift in Sources */ = {isa = PBXBuildFile; fileRef = 0EC4BE3A2A4BC5A2008EB77B /* TestCollectionVC.swift */; };
		0EC4BE3D2A4BC5B9008EB77B /* TestCollectionVCShow.swift in Sources */ = {isa = PBXBuildFile; fileRef = 0EC4BE3C2A4BC5B9008EB77B /* TestCollectionVCShow.swift */; };
		0EC4BE402A4BC703008EB77B /* TestCollectionVCShowCell.swift in Sources */ = {isa = PBXBuildFile; fileRef = 0EC4BE3E2A4BC703008EB77B /* TestCollectionVCShowCell.swift */; };
		0EC4BE412A4BC703008EB77B /* TestCollectionVCShowCell.xib in Resources */ = {isa = PBXBuildFile; fileRef = 0EC4BE3F2A4BC703008EB77B /* TestCollectionVCShowCell.xib */; };
		0EC4BE432A4BCCD8008EB77B /* TestCollectionVCShow1.swift in Sources */ = {isa = PBXBuildFile; fileRef = 0EC4BE422A4BCCD8008EB77B /* TestCollectionVCShow1.swift */; };
		0EC4BE452A4BCDB3008EB77B /* KWFlowLayout.swift in Sources */ = {isa = PBXBuildFile; fileRef = 0EC4BE442A4BCDB3008EB77B /* KWFlowLayout.swift */; };
		0ED6480B2A3D3C700020E918 /* KWTabBarController.swift in Sources */ = {isa = PBXBuildFile; fileRef = 0ED648092A3D3C700020E918 /* KWTabBarController.swift */; };
		0ED6480C2A3D3C700020E918 /* SizeS.swift in Sources */ = {isa = PBXBuildFile; fileRef = 0ED6480A2A3D3C700020E918 /* SizeS.swift */; };
		0ED648182A3D42D30020E918 /* AutoFit.swift in Sources */ = {isa = PBXBuildFile; fileRef = 0ED648172A3D42D30020E918 /* AutoFit.swift */; };
		0ED6488D2A3D4CD90020E918 /* UIColorExt.swift in Sources */ = {isa = PBXBuildFile; fileRef = 0ED6488C2A3D4CD90020E918 /* UIColorExt.swift */; };
		0ED648942A3D58680020E918 /* KWColorDemoVC.swift in Sources */ = {isa = PBXBuildFile; fileRef = 0ED648932A3D58680020E918 /* KWColorDemoVC.swift */; };
		0ED6493A2A3FFC7B0020E918 /* KWNavigationVC.swift in Sources */ = {isa = PBXBuildFile; fileRef = 0ED649392A3FFC7B0020E918 /* KWNavigationVC.swift */; };
		0ED6493C2A4026A20020E918 /* KWNavigationVC1.swift in Sources */ = {isa = PBXBuildFile; fileRef = 0ED6493B2A4026A20020E918 /* KWNavigationVC1.swift */; };
		0ED6493E2A4026AE0020E918 /* KWNavigationVC2.swift in Sources */ = {isa = PBXBuildFile; fileRef = 0ED6493D2A4026AE0020E918 /* KWNavigationVC2.swift */; };
		0ED649402A4028780020E918 /* UIViewController+KWNavigationBar.swift in Sources */ = {isa = PBXBuildFile; fileRef = 0ED6493F2A4028780020E918 /* UIViewController+KWNavigationBar.swift */; };
		0ED649432A4029C30020E918 /* KWFakeNavigationBar.swift in Sources */ = {isa = PBXBuildFile; fileRef = 0ED649412A4029C30020E918 /* KWFakeNavigationBar.swift */; };
		0ED649442A4029C30020E918 /* KWNavigationController.swift in Sources */ = {isa = PBXBuildFile; fileRef = 0ED649422A4029C30020E918 /* KWNavigationController.swift */; };
		0ED649462A40325A0020E918 /* KSViewController.swift in Sources */ = {isa = PBXBuildFile; fileRef = 0ED649452A40325A0020E918 /* KSViewController.swift */; };
		0ED721352A5660AA007AA148 /* UIButtonExt.swift in Sources */ = {isa = PBXBuildFile; fileRef = 0ED721342A5660AA007AA148 /* UIButtonExt.swift */; };
		0ED721382A56615E007AA148 /* UIButtonExtShow.swift in Sources */ = {isa = PBXBuildFile; fileRef = 0ED721372A56615E007AA148 /* UIButtonExtShow.swift */; };
		0ED721932A566D18007AA148 /* UITextFieldExt.swift in Sources */ = {isa = PBXBuildFile; fileRef = 0ED721922A566D18007AA148 /* UITextFieldExt.swift */; };
		0ED721962A566DFA007AA148 /* UITextFieldExtShow.swift in Sources */ = {isa = PBXBuildFile; fileRef = 0ED721952A566DFA007AA148 /* UITextFieldExtShow.swift */; };
		0ED721982A569A52007AA148 /* UIImageExt.swift in Sources */ = {isa = PBXBuildFile; fileRef = 0ED721972A569A52007AA148 /* UIImageExt.swift */; };
		0ED722622A56C0A8007AA148 /* UIImageExtShow.swift in Sources */ = {isa = PBXBuildFile; fileRef = 0ED722612A56C0A8007AA148 /* UIImageExtShow.swift */; };
		0ED723F62A57B8BE007AA148 /* VideoCompress.m in Sources */ = {isa = PBXBuildFile; fileRef = 0ED723F52A57B8BE007AA148 /* VideoCompress.m */; };
		0ED724202A57FA24007AA148 /* HUD.swift in Sources */ = {isa = PBXBuildFile; fileRef = 0ED7241F2A57FA24007AA148 /* HUD.swift */; };
		0ED724232A57FBF4007AA148 /* MBProgressHUDShow.swift in Sources */ = {isa = PBXBuildFile; fileRef = 0ED724222A57FBF4007AA148 /* MBProgressHUDShow.swift */; };
		0ED724252A58F945007AA148 /* 加载缓存.gif in Resources */ = {isa = PBXBuildFile; fileRef = 0ED724242A58F945007AA148 /* 加载缓存.gif */; };
		0EEBD0112A37FFD5003F04DF /* AppDelegate.swift in Sources */ = {isa = PBXBuildFile; fileRef = 0EEBD0102A37FFD5003F04DF /* AppDelegate.swift */; };
		0EEBD0132A37FFD5003F04DF /* SceneDelegate.swift in Sources */ = {isa = PBXBuildFile; fileRef = 0EEBD0122A37FFD5003F04DF /* SceneDelegate.swift */; };
		0EEBD0152A37FFD5003F04DF /* ViewController.swift in Sources */ = {isa = PBXBuildFile; fileRef = 0EEBD0142A37FFD5003F04DF /* ViewController.swift */; };
		0EEBD0182A37FFD5003F04DF /* Main.storyboard in Resources */ = {isa = PBXBuildFile; fileRef = 0EEBD0162A37FFD5003F04DF /* Main.storyboard */; };
		0EEBD01A2A37FFD7003F04DF /* Assets.xcassets in Resources */ = {isa = PBXBuildFile; fileRef = 0EEBD0192A37FFD7003F04DF /* Assets.xcassets */; };
		0EEBD01D2A37FFD7003F04DF /* LaunchScreen.storyboard in Resources */ = {isa = PBXBuildFile; fileRef = 0EEBD01B2A37FFD7003F04DF /* LaunchScreen.storyboard */; };
		0EEBD06E2A380472003F04DF /* TabBar1VC.swift in Sources */ = {isa = PBXBuildFile; fileRef = 0EEBD06D2A380472003F04DF /* TabBar1VC.swift */; };
		0EEBD0702A38047D003F04DF /* TabBar2VC.swift in Sources */ = {isa = PBXBuildFile; fileRef = 0EEBD06F2A38047D003F04DF /* TabBar2VC.swift */; };
		0EEBD0722A38048A003F04DF /* TabBar3VC.swift in Sources */ = {isa = PBXBuildFile; fileRef = 0EEBD0712A38048A003F04DF /* TabBar3VC.swift */; };
		0EEBD0742A380494003F04DF /* TabBar4VC.swift in Sources */ = {isa = PBXBuildFile; fileRef = 0EEBD0732A380494003F04DF /* TabBar4VC.swift */; };
		0EEBD0762A3804A0003F04DF /* TabBar5VC.swift in Sources */ = {isa = PBXBuildFile; fileRef = 0EEBD0752A3804A0003F04DF /* TabBar5VC.swift */; };
		0EEBD07A2A380790003F04DF /* TabBarDemoVC.swift in Sources */ = {isa = PBXBuildFile; fileRef = 0EEBD0792A380790003F04DF /* TabBarDemoVC.swift */; };
		2C22953412E3A409E150DF01 /* Pods_KW.framework in Frameworks */ = {isa = PBXBuildFile; fileRef = C52B5166FC659861142CFB5E /* Pods_KW.framework */; };
/* End PBXBuildFile section */

/* Begin PBXFileReference section */
		0E5B00B72A54039800BB2679 /* UIView+THDXib.h */ = {isa = PBXFileReference; fileEncoding = 4; lastKnownFileType = sourcecode.c.h; path = "UIView+THDXib.h"; sourceTree = "<group>"; };
		0E5B00B82A54039800BB2679 /* UIView+THDXib.m */ = {isa = PBXFileReference; fileEncoding = 4; lastKnownFileType = sourcecode.c.objc; path = "UIView+THDXib.m"; sourceTree = "<group>"; };
		0E5B00BD2A5403EF00BB2679 /* UIViewExt.swift */ = {isa = PBXFileReference; lastKnownFileType = sourcecode.swift; path = UIViewExt.swift; sourceTree = "<group>"; };
		0E5B00C02A54061600BB2679 /* KWViewExtShow.swift */ = {isa = PBXFileReference; lastKnownFileType = sourcecode.swift; path = KWViewExtShow.swift; sourceTree = "<group>"; };
		0E5BFDA32A4D0CEA00BB2679 /* TestCollectionVCShowCell1.swift */ = {isa = PBXFileReference; lastKnownFileType = sourcecode.swift; path = TestCollectionVCShowCell1.swift; sourceTree = "<group>"; };
		0E5BFDE72A4E756F00BB2679 /* KOCollectionVC.h */ = {isa = PBXFileReference; lastKnownFileType = sourcecode.c.h; path = KOCollectionVC.h; sourceTree = "<group>"; };
		0E5BFDE82A4E756F00BB2679 /* KOCollectionVC.m */ = {isa = PBXFileReference; lastKnownFileType = sourcecode.c.objc; path = KOCollectionVC.m; sourceTree = "<group>"; };
		0E5BFDEA2A4E75C700BB2679 /* KOCollectionCell.h */ = {isa = PBXFileReference; lastKnownFileType = sourcecode.c.h; path = KOCollectionCell.h; sourceTree = "<group>"; };
		0E5BFDEB2A4E75C700BB2679 /* KOCollectionCell.m */ = {isa = PBXFileReference; lastKnownFileType = sourcecode.c.objc; path = KOCollectionCell.m; sourceTree = "<group>"; };
		0E5BFEFC2A5257A900BB2679 /* KSPageController.swift */ = {isa = PBXFileReference; lastKnownFileType = sourcecode.swift; path = KSPageController.swift; sourceTree = "<group>"; };
		0E5BFEFE2A5257C000BB2679 /* KSPageController1.swift */ = {isa = PBXFileReference; lastKnownFileType = sourcecode.swift; path = KSPageController1.swift; sourceTree = "<group>"; };
		0E5BFF002A5257CC00BB2679 /* KSPageController2.swift */ = {isa = PBXFileReference; lastKnownFileType = sourcecode.swift; path = KSPageController2.swift; sourceTree = "<group>"; };
		0E5BFF022A5257D500BB2679 /* KSPageController3.swift */ = {isa = PBXFileReference; lastKnownFileType = sourcecode.swift; path = KSPageController3.swift; sourceTree = "<group>"; };
		0E5BFF042A5257E000BB2679 /* KSPageController4.swift */ = {isa = PBXFileReference; lastKnownFileType = sourcecode.swift; path = KSPageController4.swift; sourceTree = "<group>"; };
		0E5BFF062A5257EA00BB2679 /* KSPageController5.swift */ = {isa = PBXFileReference; lastKnownFileType = sourcecode.swift; path = KSPageController5.swift; sourceTree = "<group>"; };
		0E5BFF362A526C9C00BB2679 /* KSTitleView.swift */ = {isa = PBXFileReference; lastKnownFileType = sourcecode.swift; path = KSTitleView.swift; sourceTree = "<group>"; };
		0E5BFFA52A52B97A00BB2679 /* KSPageVC.swift */ = {isa = PBXFileReference; lastKnownFileType = sourcecode.swift; path = KSPageVC.swift; sourceTree = "<group>"; };
		0E5BFFA72A52B99600BB2679 /* KSPageShow.swift */ = {isa = PBXFileReference; lastKnownFileType = sourcecode.swift; path = KSPageShow.swift; sourceTree = "<group>"; };
		0E5BFFA92A52BBCC00BB2679 /* KSTitleViewShow.swift */ = {isa = PBXFileReference; lastKnownFileType = sourcecode.swift; path = KSTitleViewShow.swift; sourceTree = "<group>"; };
		0E5BFFAF2A53A3F900BB2679 /* KOPageController.h */ = {isa = PBXFileReference; lastKnownFileType = sourcecode.c.h; path = KOPageController.h; sourceTree = "<group>"; };
		0E5BFFB02A53A3F900BB2679 /* KOPageController.m */ = {isa = PBXFileReference; lastKnownFileType = sourcecode.c.objc; path = KOPageController.m; sourceTree = "<group>"; };
		0EA7073A2A42D8F9001745A7 /* UIViewControllerExt.swift */ = {isa = PBXFileReference; fileEncoding = 4; lastKnownFileType = sourcecode.swift; path = UIViewControllerExt.swift; sourceTree = "<group>"; };
		0EA7073C2A42D914001745A7 /* KWSwift.swift */ = {isa = PBXFileReference; fileEncoding = 4; lastKnownFileType = sourcecode.swift; path = KWSwift.swift; sourceTree = "<group>"; };
		0EC4BA4D2A47CF2C008EB77B /* KOViewController.h */ = {isa = PBXFileReference; fileEncoding = 4; lastKnownFileType = sourcecode.c.h; path = KOViewController.h; sourceTree = "<group>"; };
		0EC4BA4E2A47CF2C008EB77B /* KOViewController.m */ = {isa = PBXFileReference; fileEncoding = 4; lastKnownFileType = sourcecode.c.objc; path = KOViewController.m; sourceTree = "<group>"; };
		0EC4BA562A47D47D008EB77B /* TestBaseVC.swift */ = {isa = PBXFileReference; lastKnownFileType = sourcecode.swift; path = TestBaseVC.swift; sourceTree = "<group>"; };
		0EC4BA7E2A47DBC4008EB77B /* TestBaseVC11.swift */ = {isa = PBXFileReference; lastKnownFileType = sourcecode.swift; path = TestBaseVC11.swift; sourceTree = "<group>"; };
		0EC4BA862A480C6B008EB77B /* KSTableVC.swift */ = {isa = PBXFileReference; lastKnownFileType = sourcecode.swift; path = KSTableVC.swift; sourceTree = "<group>"; };
		0EC4BAF52A480E96008EB77B /* KSTableCell.swift */ = {isa = PBXFileReference; fileEncoding = 4; lastKnownFileType = sourcecode.swift; path = KSTableCell.swift; sourceTree = "<group>"; };
		0EC4BAF72A4810E6008EB77B /* KSModel.swift */ = {isa = PBXFileReference; fileEncoding = 4; lastKnownFileType = sourcecode.swift; path = KSModel.swift; sourceTree = "<group>"; };
		0EC4BAFE2A481771008EB77B /* MJRefresh.swift */ = {isa = PBXFileReference; fileEncoding = 4; lastKnownFileType = sourcecode.swift; path = MJRefresh.swift; sourceTree = "<group>"; };
		0EC4BB052A482146008EB77B /* TestTableView.swift */ = {isa = PBXFileReference; lastKnownFileType = sourcecode.swift; path = TestTableView.swift; sourceTree = "<group>"; };
		0EC4BB062A482146008EB77B /* TestTableView.xib */ = {isa = PBXFileReference; lastKnownFileType = file.xib; path = TestTableView.xib; sourceTree = "<group>"; };
		0EC4BB092A482272008EB77B /* TestTableVIewShow.swift */ = {isa = PBXFileReference; lastKnownFileType = sourcecode.swift; path = TestTableVIewShow.swift; sourceTree = "<group>"; };
		0EC4BB0B2A4827AF008EB77B /* TestTableVIewShowCell.swift */ = {isa = PBXFileReference; lastKnownFileType = sourcecode.swift; path = TestTableVIewShowCell.swift; sourceTree = "<group>"; };
		0EC4BB0C2A4827AF008EB77B /* TestTableVIewShowCell.xib */ = {isa = PBXFileReference; lastKnownFileType = file.xib; path = TestTableVIewShowCell.xib; sourceTree = "<group>"; };
		0EC4BBE92A482FD2008EB77B /* DZNEmptyDataSet.swift */ = {isa = PBXFileReference; fileEncoding = 4; lastKnownFileType = sourcecode.swift; path = DZNEmptyDataSet.swift; sourceTree = "<group>"; };
		0EC4BC9D2A4A7372008EB77B /* KOTableVC.h */ = {isa = PBXFileReference; lastKnownFileType = sourcecode.c.h; path = KOTableVC.h; sourceTree = "<group>"; };
		0EC4BC9E2A4A7372008EB77B /* KOTableVC.m */ = {isa = PBXFileReference; lastKnownFileType = sourcecode.c.objc; path = KOTableVC.m; sourceTree = "<group>"; };
		0EC4BCA22A4A881B008EB77B /* KOTableCell.h */ = {isa = PBXFileReference; lastKnownFileType = sourcecode.c.h; path = KOTableCell.h; sourceTree = "<group>"; };
		0EC4BCA32A4A881B008EB77B /* KOTableCell.m */ = {isa = PBXFileReference; lastKnownFileType = sourcecode.c.objc; path = KOTableCell.m; sourceTree = "<group>"; };
		0EC4BE352A4BB6CF008EB77B /* KSCollectionVC.swift */ = {isa = PBXFileReference; lastKnownFileType = sourcecode.swift; path = KSCollectionVC.swift; sourceTree = "<group>"; };
		0EC4BE372A4BB9DA008EB77B /* KSCollectionCell.swift */ = {isa = PBXFileReference; lastKnownFileType = sourcecode.swift; path = KSCollectionCell.swift; sourceTree = "<group>"; };
		0EC4BE3A2A4BC5A2008EB77B /* TestCollectionVC.swift */ = {isa = PBXFileReference; lastKnownFileType = sourcecode.swift; path = TestCollectionVC.swift; sourceTree = "<group>"; };
		0EC4BE3C2A4BC5B9008EB77B /* TestCollectionVCShow.swift */ = {isa = PBXFileReference; lastKnownFileType = sourcecode.swift; path = TestCollectionVCShow.swift; sourceTree = "<group>"; };
		0EC4BE3E2A4BC703008EB77B /* TestCollectionVCShowCell.swift */ = {isa = PBXFileReference; lastKnownFileType = sourcecode.swift; path = TestCollectionVCShowCell.swift; sourceTree = "<group>"; };
		0EC4BE3F2A4BC703008EB77B /* TestCollectionVCShowCell.xib */ = {isa = PBXFileReference; lastKnownFileType = file.xib; path = TestCollectionVCShowCell.xib; sourceTree = "<group>"; };
		0EC4BE422A4BCCD8008EB77B /* TestCollectionVCShow1.swift */ = {isa = PBXFileReference; lastKnownFileType = sourcecode.swift; path = TestCollectionVCShow1.swift; sourceTree = "<group>"; };
		0EC4BE442A4BCDB3008EB77B /* KWFlowLayout.swift */ = {isa = PBXFileReference; fileEncoding = 4; lastKnownFileType = sourcecode.swift; path = KWFlowLayout.swift; sourceTree = "<group>"; };
		0ED648092A3D3C700020E918 /* KWTabBarController.swift */ = {isa = PBXFileReference; fileEncoding = 4; lastKnownFileType = sourcecode.swift; path = KWTabBarController.swift; sourceTree = "<group>"; };
		0ED6480A2A3D3C700020E918 /* SizeS.swift */ = {isa = PBXFileReference; fileEncoding = 4; lastKnownFileType = sourcecode.swift; path = SizeS.swift; sourceTree = "<group>"; };
		0ED648112A3D41170020E918 /* SizeO.h */ = {isa = PBXFileReference; fileEncoding = 4; lastKnownFileType = sourcecode.c.h; path = SizeO.h; sourceTree = "<group>"; };
		0ED648172A3D42D30020E918 /* AutoFit.swift */ = {isa = PBXFileReference; fileEncoding = 4; lastKnownFileType = sourcecode.swift; path = AutoFit.swift; sourceTree = "<group>"; };
		0ED648872A3D45A20020E918 /* KW-Bridging-Header.h */ = {isa = PBXFileReference; lastKnownFileType = sourcecode.c.h; path = "KW-Bridging-Header.h"; sourceTree = "<group>"; };
		0ED6488C2A3D4CD90020E918 /* UIColorExt.swift */ = {isa = PBXFileReference; fileEncoding = 4; lastKnownFileType = sourcecode.swift; path = UIColorExt.swift; sourceTree = "<group>"; };
		0ED648932A3D58680020E918 /* KWColorDemoVC.swift */ = {isa = PBXFileReference; lastKnownFileType = sourcecode.swift; path = KWColorDemoVC.swift; sourceTree = "<group>"; };
		0ED649392A3FFC7B0020E918 /* KWNavigationVC.swift */ = {isa = PBXFileReference; lastKnownFileType = sourcecode.swift; path = KWNavigationVC.swift; sourceTree = "<group>"; };
		0ED6493B2A4026A20020E918 /* KWNavigationVC1.swift */ = {isa = PBXFileReference; lastKnownFileType = sourcecode.swift; path = KWNavigationVC1.swift; sourceTree = "<group>"; };
		0ED6493D2A4026AE0020E918 /* KWNavigationVC2.swift */ = {isa = PBXFileReference; lastKnownFileType = sourcecode.swift; path = KWNavigationVC2.swift; sourceTree = "<group>"; };
		0ED6493F2A4028780020E918 /* UIViewController+KWNavigationBar.swift */ = {isa = PBXFileReference; fileEncoding = 4; lastKnownFileType = sourcecode.swift; path = "UIViewController+KWNavigationBar.swift"; sourceTree = "<group>"; };
		0ED649412A4029C30020E918 /* KWFakeNavigationBar.swift */ = {isa = PBXFileReference; fileEncoding = 4; lastKnownFileType = sourcecode.swift; path = KWFakeNavigationBar.swift; sourceTree = "<group>"; };
		0ED649422A4029C30020E918 /* KWNavigationController.swift */ = {isa = PBXFileReference; fileEncoding = 4; lastKnownFileType = sourcecode.swift; path = KWNavigationController.swift; sourceTree = "<group>"; };
		0ED649452A40325A0020E918 /* KSViewController.swift */ = {isa = PBXFileReference; fileEncoding = 4; lastKnownFileType = sourcecode.swift; path = KSViewController.swift; sourceTree = "<group>"; };
		0ED721342A5660AA007AA148 /* UIButtonExt.swift */ = {isa = PBXFileReference; lastKnownFileType = sourcecode.swift; path = UIButtonExt.swift; sourceTree = "<group>"; };
		0ED721372A56615E007AA148 /* UIButtonExtShow.swift */ = {isa = PBXFileReference; lastKnownFileType = sourcecode.swift; path = UIButtonExtShow.swift; sourceTree = "<group>"; };
		0ED721922A566D18007AA148 /* UITextFieldExt.swift */ = {isa = PBXFileReference; lastKnownFileType = sourcecode.swift; path = UITextFieldExt.swift; sourceTree = "<group>"; };
		0ED721952A566DFA007AA148 /* UITextFieldExtShow.swift */ = {isa = PBXFileReference; lastKnownFileType = sourcecode.swift; path = UITextFieldExtShow.swift; sourceTree = "<group>"; };
		0ED721972A569A52007AA148 /* UIImageExt.swift */ = {isa = PBXFileReference; lastKnownFileType = sourcecode.swift; path = UIImageExt.swift; sourceTree = "<group>"; };
		0ED722612A56C0A8007AA148 /* UIImageExtShow.swift */ = {isa = PBXFileReference; lastKnownFileType = sourcecode.swift; path = UIImageExtShow.swift; sourceTree = "<group>"; };
		0ED723F42A57B8BD007AA148 /* VideoCompress.h */ = {isa = PBXFileReference; fileEncoding = 4; lastKnownFileType = sourcecode.c.h; path = VideoCompress.h; sourceTree = "<group>"; };
		0ED723F52A57B8BE007AA148 /* VideoCompress.m */ = {isa = PBXFileReference; fileEncoding = 4; lastKnownFileType = sourcecode.c.objc; path = VideoCompress.m; sourceTree = "<group>"; };
		0ED7241F2A57FA24007AA148 /* HUD.swift */ = {isa = PBXFileReference; lastKnownFileType = sourcecode.swift; path = HUD.swift; sourceTree = "<group>"; };
		0ED724222A57FBF4007AA148 /* MBProgressHUDShow.swift */ = {isa = PBXFileReference; lastKnownFileType = sourcecode.swift; path = MBProgressHUDShow.swift; sourceTree = "<group>"; };
		0ED724242A58F945007AA148 /* 加载缓存.gif */ = {isa = PBXFileReference; lastKnownFileType = image.gif; path = "加载缓存.gif"; sourceTree = "<group>"; };
		0EEBD00D2A37FFD5003F04DF /* KW.app */ = {isa = PBXFileReference; explicitFileType = wrapper.application; includeInIndex = 0; path = KW.app; sourceTree = BUILT_PRODUCTS_DIR; };
		0EEBD0102A37FFD5003F04DF /* AppDelegate.swift */ = {isa = PBXFileReference; lastKnownFileType = sourcecode.swift; path = AppDelegate.swift; sourceTree = "<group>"; };
		0EEBD0122A37FFD5003F04DF /* SceneDelegate.swift */ = {isa = PBXFileReference; lastKnownFileType = sourcecode.swift; path = SceneDelegate.swift; sourceTree = "<group>"; };
		0EEBD0142A37FFD5003F04DF /* ViewController.swift */ = {isa = PBXFileReference; lastKnownFileType = sourcecode.swift; path = ViewController.swift; sourceTree = "<group>"; };
		0EEBD0172A37FFD5003F04DF /* Base */ = {isa = PBXFileReference; lastKnownFileType = file.storyboard; name = Base; path = Base.lproj/Main.storyboard; sourceTree = "<group>"; };
		0EEBD0192A37FFD7003F04DF /* Assets.xcassets */ = {isa = PBXFileReference; lastKnownFileType = folder.assetcatalog; path = Assets.xcassets; sourceTree = "<group>"; };
		0EEBD01C2A37FFD7003F04DF /* Base */ = {isa = PBXFileReference; lastKnownFileType = file.storyboard; name = Base; path = Base.lproj/LaunchScreen.storyboard; sourceTree = "<group>"; };
		0EEBD01E2A37FFD7003F04DF /* Info.plist */ = {isa = PBXFileReference; lastKnownFileType = text.plist.xml; path = Info.plist; sourceTree = "<group>"; };
		0EEBD06D2A380472003F04DF /* TabBar1VC.swift */ = {isa = PBXFileReference; lastKnownFileType = sourcecode.swift; path = TabBar1VC.swift; sourceTree = "<group>"; };
		0EEBD06F2A38047D003F04DF /* TabBar2VC.swift */ = {isa = PBXFileReference; lastKnownFileType = sourcecode.swift; path = TabBar2VC.swift; sourceTree = "<group>"; };
		0EEBD0712A38048A003F04DF /* TabBar3VC.swift */ = {isa = PBXFileReference; lastKnownFileType = sourcecode.swift; path = TabBar3VC.swift; sourceTree = "<group>"; };
		0EEBD0732A380494003F04DF /* TabBar4VC.swift */ = {isa = PBXFileReference; lastKnownFileType = sourcecode.swift; path = TabBar4VC.swift; sourceTree = "<group>"; };
		0EEBD0752A3804A0003F04DF /* TabBar5VC.swift */ = {isa = PBXFileReference; lastKnownFileType = sourcecode.swift; path = TabBar5VC.swift; sourceTree = "<group>"; };
		0EEBD0792A380790003F04DF /* TabBarDemoVC.swift */ = {isa = PBXFileReference; lastKnownFileType = sourcecode.swift; path = TabBarDemoVC.swift; sourceTree = "<group>"; };
		626520963CDF60FCE686CBDC /* Pods-KW.debug.xcconfig */ = {isa = PBXFileReference; includeInIndex = 1; lastKnownFileType = text.xcconfig; name = "Pods-KW.debug.xcconfig"; path = "Target Support Files/Pods-KW/Pods-KW.debug.xcconfig"; sourceTree = "<group>"; };
		68247403E1255D1745B42364 /* Pods-KW.release.xcconfig */ = {isa = PBXFileReference; includeInIndex = 1; lastKnownFileType = text.xcconfig; name = "Pods-KW.release.xcconfig"; path = "Target Support Files/Pods-KW/Pods-KW.release.xcconfig"; sourceTree = "<group>"; };
		C52B5166FC659861142CFB5E /* Pods_KW.framework */ = {isa = PBXFileReference; explicitFileType = wrapper.framework; includeInIndex = 0; path = Pods_KW.framework; sourceTree = BUILT_PRODUCTS_DIR; };
/* End PBXFileReference section */

/* Begin PBXFrameworksBuildPhase section */
		0EEBD00A2A37FFD5003F04DF /* Frameworks */ = {
			isa = PBXFrameworksBuildPhase;
			buildActionMask = 2147483647;
			files = (
				2C22953412E3A409E150DF01 /* Pods_KW.framework in Frameworks */,
			);
			runOnlyForDeploymentPostprocessing = 0;
		};
/* End PBXFrameworksBuildPhase section */

/* Begin PBXGroup section */
		0E5B00BF2A5405CC00BB2679 /* UIVIewExt_use */ = {
			isa = PBXGroup;
			children = (
				0E5B00C02A54061600BB2679 /* KWViewExtShow.swift */,
			);
			path = UIVIewExt_use;
			sourceTree = "<group>";
		};
		0E5BFDE62A4E753000BB2679 /* O_CollectionViewController */ = {
			isa = PBXGroup;
			children = (
				0E5BFDE72A4E756F00BB2679 /* KOCollectionVC.h */,
				0E5BFDE82A4E756F00BB2679 /* KOCollectionVC.m */,
				0E5BFDEA2A4E75C700BB2679 /* KOCollectionCell.h */,
				0E5BFDEB2A4E75C700BB2679 /* KOCollectionCell.m */,
			);
			path = O_CollectionViewController;
			sourceTree = "<group>";
		};
		0E5BFEF82A52571800BB2679 /* KWPageController */ = {
			isa = PBXGroup;
			children = (
				0E5BFFA52A52B97A00BB2679 /* KSPageVC.swift */,
				0E5BFFA92A52BBCC00BB2679 /* KSTitleViewShow.swift */,
				0E5BFFA72A52B99600BB2679 /* KSPageShow.swift */,
				0E5BFEFE2A5257C000BB2679 /* KSPageController1.swift */,
				0E5BFF002A5257CC00BB2679 /* KSPageController2.swift */,
				0E5BFF022A5257D500BB2679 /* KSPageController3.swift */,
				0E5BFF042A5257E000BB2679 /* KSPageController4.swift */,
				0E5BFF062A5257EA00BB2679 /* KSPageController5.swift */,
			);
			path = KWPageController;
			sourceTree = "<group>";
		};
		0E5BFFAB2A53A2A600BB2679 /* S_PageController */ = {
			isa = PBXGroup;
			children = (
				0E5BFEFC2A5257A900BB2679 /* KSPageController.swift */,
				0E5BFF362A526C9C00BB2679 /* KSTitleView.swift */,
			);
			path = S_PageController;
			sourceTree = "<group>";
		};
		0E5BFFAC2A53A39800BB2679 /* O_PageController */ = {
			isa = PBXGroup;
			children = (
				0E5BFFAF2A53A3F900BB2679 /* KOPageController.h */,
				0E5BFFB02A53A3F900BB2679 /* KOPageController.m */,
			);
			path = O_PageController;
			sourceTree = "<group>";
		};
		0EC4BA4C2A47CDE4008EB77B /* S_ViewController */ = {
			isa = PBXGroup;
			children = (
				0ED649452A40325A0020E918 /* KSViewController.swift */,
			);
			path = S_ViewController;
			sourceTree = "<group>";
		};
		0EC4BA502A47D3F3008EB77B /* KWViewController */ = {
			isa = PBXGroup;
			children = (
				0EC4BA562A47D47D008EB77B /* TestBaseVC.swift */,
				0EC4BA7E2A47DBC4008EB77B /* TestBaseVC11.swift */,
			);
			path = KWViewController;
			sourceTree = "<group>";
		};
		0EC4BA852A480C37008EB77B /* S_TableViewController */ = {
			isa = PBXGroup;
			children = (
				0EC4BA862A480C6B008EB77B /* KSTableVC.swift */,
				0EC4BAF52A480E96008EB77B /* KSTableCell.swift */,
			);
			path = S_TableViewController;
			sourceTree = "<group>";
		};
		0EC4BAFD2A48173D008EB77B /* SDKManager */ = {
			isa = PBXGroup;
			children = (
				0EC4BBE92A482FD2008EB77B /* DZNEmptyDataSet.swift */,
				0EC4BAFE2A481771008EB77B /* MJRefresh.swift */,
				0ED724242A58F945007AA148 /* 加载缓存.gif */,
				0ED7241F2A57FA24007AA148 /* HUD.swift */,
			);
			path = SDKManager;
			sourceTree = "<group>";
		};
		0EC4BB042A48210A008EB77B /* KWTableView */ = {
			isa = PBXGroup;
			children = (
				0EC4BB052A482146008EB77B /* TestTableView.swift */,
				0EC4BB062A482146008EB77B /* TestTableView.xib */,
				0EC4BB092A482272008EB77B /* TestTableVIewShow.swift */,
				0EC4BB0B2A4827AF008EB77B /* TestTableVIewShowCell.swift */,
				0EC4BB0C2A4827AF008EB77B /* TestTableVIewShowCell.xib */,
			);
			path = KWTableView;
			sourceTree = "<group>";
		};
		0EC4BC582A4843A1008EB77B /* Model */ = {
			isa = PBXGroup;
			children = (
				0EC4BAF72A4810E6008EB77B /* KSModel.swift */,
			);
			path = Model;
			sourceTree = "<group>";
		};
		0EC4BCA02A4A8606008EB77B /* O_ViewController */ = {
			isa = PBXGroup;
			children = (
				0EC4BA4D2A47CF2C008EB77B /* KOViewController.h */,
				0EC4BA4E2A47CF2C008EB77B /* KOViewController.m */,
			);
			path = O_ViewController;
			sourceTree = "<group>";
		};
		0EC4BCA12A4A862F008EB77B /* O_TableViewController */ = {
			isa = PBXGroup;
			children = (
				0EC4BC9D2A4A7372008EB77B /* KOTableVC.h */,
				0EC4BC9E2A4A7372008EB77B /* KOTableVC.m */,
				0EC4BCA22A4A881B008EB77B /* KOTableCell.h */,
				0EC4BCA32A4A881B008EB77B /* KOTableCell.m */,
			);
			path = O_TableViewController;
			sourceTree = "<group>";
		};
		0EC4BE342A4BB658008EB77B /* S_CollectionViewController */ = {
			isa = PBXGroup;
			children = (
				0EC4BE352A4BB6CF008EB77B /* KSCollectionVC.swift */,
				0EC4BE372A4BB9DA008EB77B /* KSCollectionCell.swift */,
				0EC4BE442A4BCDB3008EB77B /* KWFlowLayout.swift */,
			);
			path = S_CollectionViewController;
			sourceTree = "<group>";
		};
		0EC4BE392A4BC57A008EB77B /* KWCollectionView */ = {
			isa = PBXGroup;
			children = (
				0EC4BE3A2A4BC5A2008EB77B /* TestCollectionVC.swift */,
				0EC4BE3C2A4BC5B9008EB77B /* TestCollectionVCShow.swift */,
				0EC4BE422A4BCCD8008EB77B /* TestCollectionVCShow1.swift */,
				0E5BFDA32A4D0CEA00BB2679 /* TestCollectionVCShowCell1.swift */,
				0EC4BE3E2A4BC703008EB77B /* TestCollectionVCShowCell.swift */,
				0EC4BE3F2A4BC703008EB77B /* TestCollectionVCShowCell.xib */,
			);
			path = KWCollectionView;
			sourceTree = "<group>";
		};
		0ED648082A3D3C700020E918 /* KWFrameWork */ = {
			isa = PBXGroup;
			children = (
				0EC4BAFD2A48173D008EB77B /* SDKManager */,
				0EA7073C2A42D914001745A7 /* KWSwift.swift */,
				0ED6488B2A3D4C8B0020E918 /* Extension */,
				0ED648192A3D43160020E918 /* BaseClass */,
				0ED648102A3D40A90020E918 /* Const */,
			);
			name = KWFrameWork;
			path = ../KWFrameWork;
			sourceTree = "<group>";
		};
		0ED648102A3D40A90020E918 /* Const */ = {
			isa = PBXGroup;
			children = (
				0ED648112A3D41170020E918 /* SizeO.h */,
				0ED6480A2A3D3C700020E918 /* SizeS.swift */,
				0ED648172A3D42D30020E918 /* AutoFit.swift */,
			);
			path = Const;
			sourceTree = "<group>";
		};
		0ED648192A3D43160020E918 /* BaseClass */ = {
			isa = PBXGroup;
			children = (
				0E5BFFAC2A53A39800BB2679 /* O_PageController */,
				0E5BFFAB2A53A2A600BB2679 /* S_PageController */,
				0E5BFDE62A4E753000BB2679 /* O_CollectionViewController */,
				0EC4BE342A4BB658008EB77B /* S_CollectionViewController */,
				0EC4BCA12A4A862F008EB77B /* O_TableViewController */,
				0EC4BCA02A4A8606008EB77B /* O_ViewController */,
				0EC4BC582A4843A1008EB77B /* Model */,
				0EC4BA852A480C37008EB77B /* S_TableViewController */,
				0EC4BA4C2A47CDE4008EB77B /* S_ViewController */,
				0ED649482A404C840020E918 /* NavigationController */,
				0ED649472A404C7A0020E918 /* TabbarController */,
			);
			path = BaseClass;
			sourceTree = "<group>";
		};
		0ED6488B2A3D4C8B0020E918 /* Extension */ = {
			isa = PBXGroup;
			children = (
				0ED723F42A57B8BD007AA148 /* VideoCompress.h */,
				0ED723F52A57B8BE007AA148 /* VideoCompress.m */,
				0ED6488C2A3D4CD90020E918 /* UIColorExt.swift */,
				0EA7073A2A42D8F9001745A7 /* UIViewControllerExt.swift */,
				0E5B00B72A54039800BB2679 /* UIView+THDXib.h */,
				0E5B00B82A54039800BB2679 /* UIView+THDXib.m */,
				0E5B00BD2A5403EF00BB2679 /* UIViewExt.swift */,
				0ED721342A5660AA007AA148 /* UIButtonExt.swift */,
				0ED721922A566D18007AA148 /* UITextFieldExt.swift */,
				0ED721972A569A52007AA148 /* UIImageExt.swift */,
			);
			path = Extension;
			sourceTree = "<group>";
		};
		0ED6488E2A3D56A40020E918 /* KWTabBar */ = {
			isa = PBXGroup;
			children = (
				0EEBD0792A380790003F04DF /* TabBarDemoVC.swift */,
				0EEBD06D2A380472003F04DF /* TabBar1VC.swift */,
				0EEBD06F2A38047D003F04DF /* TabBar2VC.swift */,
				0EEBD0712A38048A003F04DF /* TabBar3VC.swift */,
				0EEBD0732A380494003F04DF /* TabBar4VC.swift */,
				0EEBD0752A3804A0003F04DF /* TabBar5VC.swift */,
			);
			path = KWTabBar;
			sourceTree = "<group>";
		};
		0ED6488F2A3D58350020E918 /* KWColor */ = {
			isa = PBXGroup;
			children = (
				0ED648932A3D58680020E918 /* KWColorDemoVC.swift */,
			);
			path = KWColor;
			sourceTree = "<group>";
		};
		0ED649382A3FFC530020E918 /* KWNavigation */ = {
			isa = PBXGroup;
			children = (
				0ED649392A3FFC7B0020E918 /* KWNavigationVC.swift */,
				0ED6493B2A4026A20020E918 /* KWNavigationVC1.swift */,
				0ED6493D2A4026AE0020E918 /* KWNavigationVC2.swift */,
			);
			path = KWNavigation;
			sourceTree = "<group>";
		};
		0ED649472A404C7A0020E918 /* TabbarController */ = {
			isa = PBXGroup;
			children = (
				0ED648092A3D3C700020E918 /* KWTabBarController.swift */,
			);
			path = TabbarController;
			sourceTree = "<group>";
		};
		0ED649482A404C840020E918 /* NavigationController */ = {
			isa = PBXGroup;
			children = (
				0ED649422A4029C30020E918 /* KWNavigationController.swift */,
				0ED649412A4029C30020E918 /* KWFakeNavigationBar.swift */,
				0ED6493F2A4028780020E918 /* UIViewController+KWNavigationBar.swift */,
			);
			path = NavigationController;
			sourceTree = "<group>";
		};
		0ED721362A56613B007AA148 /* UIButtonExt_use */ = {
			isa = PBXGroup;
			children = (
				0ED721372A56615E007AA148 /* UIButtonExtShow.swift */,
			);
			path = UIButtonExt_use;
			sourceTree = "<group>";
		};
		0ED721942A566DE7007AA148 /* UITextFieldExt_use */ = {
			isa = PBXGroup;
			children = (
				0ED721952A566DFA007AA148 /* UITextFieldExtShow.swift */,
			);
			path = UITextFieldExt_use;
			sourceTree = "<group>";
		};
		0ED722602A56C085007AA148 /* UIImageExt_use */ = {
			isa = PBXGroup;
			children = (
				0ED722612A56C0A8007AA148 /* UIImageExtShow.swift */,
			);
			path = UIImageExt_use;
			sourceTree = "<group>";
		};
		0ED724212A57FBC5007AA148 /* MBProgressHUD_use */ = {
			isa = PBXGroup;
			children = (
				0ED724222A57FBF4007AA148 /* MBProgressHUDShow.swift */,
			);
			path = MBProgressHUD_use;
			sourceTree = "<group>";
		};
		0EEBD0042A37FFD5003F04DF = {
			isa = PBXGroup;
			children = (
				0ED648082A3D3C700020E918 /* KWFrameWork */,
				0EEBD00F2A37FFD5003F04DF /* KW */,
				0EEBD00E2A37FFD5003F04DF /* Products */,
				E93D960A65AD153CBF421F24 /* Pods */,
				58651E11F5E5ED466BCC8C03 /* Frameworks */,
			);
			sourceTree = "<group>";
		};
		0EEBD00E2A37FFD5003F04DF /* Products */ = {
			isa = PBXGroup;
			children = (
				0EEBD00D2A37FFD5003F04DF /* KW.app */,
			);
			name = Products;
			sourceTree = "<group>";
		};
		0EEBD00F2A37FFD5003F04DF /* KW */ = {
			isa = PBXGroup;
			children = (
				0EEBD06B2A38041C003F04DF /* UseDemo */,
				0EEBD0102A37FFD5003F04DF /* AppDelegate.swift */,
				0ED648872A3D45A20020E918 /* KW-Bridging-Header.h */,
				0EEBD0122A37FFD5003F04DF /* SceneDelegate.swift */,
				0EEBD0142A37FFD5003F04DF /* ViewController.swift */,
				0EEBD0162A37FFD5003F04DF /* Main.storyboard */,
				0EEBD0192A37FFD7003F04DF /* Assets.xcassets */,
				0EEBD01B2A37FFD7003F04DF /* LaunchScreen.storyboard */,
				0EEBD01E2A37FFD7003F04DF /* Info.plist */,
			);
			path = KW;
			sourceTree = "<group>";
		};
		0EEBD06B2A38041C003F04DF /* UseDemo */ = {
			isa = PBXGroup;
			children = (
				0ED724212A57FBC5007AA148 /* MBProgressHUD_use */,
				0ED722602A56C085007AA148 /* UIImageExt_use */,
				0ED721942A566DE7007AA148 /* UITextFieldExt_use */,
				0ED721362A56613B007AA148 /* UIButtonExt_use */,
				0E5B00BF2A5405CC00BB2679 /* UIVIewExt_use */,
				0E5BFEF82A52571800BB2679 /* KWPageController */,
				0EC4BE392A4BC57A008EB77B /* KWCollectionView */,
				0EC4BB042A48210A008EB77B /* KWTableView */,
				0EC4BA502A47D3F3008EB77B /* KWViewController */,
				0ED649382A3FFC530020E918 /* KWNavigation */,
				0ED6488F2A3D58350020E918 /* KWColor */,
				0ED6488E2A3D56A40020E918 /* KWTabBar */,
			);
			path = UseDemo;
			sourceTree = "<group>";
		};
		58651E11F5E5ED466BCC8C03 /* Frameworks */ = {
			isa = PBXGroup;
			children = (
				C52B5166FC659861142CFB5E /* Pods_KW.framework */,
			);
			name = Frameworks;
			sourceTree = "<group>";
		};
		E93D960A65AD153CBF421F24 /* Pods */ = {
			isa = PBXGroup;
			children = (
				626520963CDF60FCE686CBDC /* Pods-KW.debug.xcconfig */,
				68247403E1255D1745B42364 /* Pods-KW.release.xcconfig */,
			);
			path = Pods;
			sourceTree = "<group>";
		};
/* End PBXGroup section */

/* Begin PBXNativeTarget section */
		0EEBD00C2A37FFD5003F04DF /* KW */ = {
			isa = PBXNativeTarget;
			buildConfigurationList = 0EEBD0212A37FFD7003F04DF /* Build configuration list for PBXNativeTarget "KW" */;
			buildPhases = (
				A30B0872E08BE23FD3E10681 /* [CP] Check Pods Manifest.lock */,
				0EEBD0092A37FFD5003F04DF /* Sources */,
				0EEBD00A2A37FFD5003F04DF /* Frameworks */,
				0EEBD00B2A37FFD5003F04DF /* Resources */,
				49966B66B94DB66FD3E60A58 /* [CP] Embed Pods Frameworks */,
			);
			buildRules = (
			);
			dependencies = (
			);
			name = KW;
			productName = KW;
			productReference = 0EEBD00D2A37FFD5003F04DF /* KW.app */;
			productType = "com.apple.product-type.application";
		};
/* End PBXNativeTarget section */

/* Begin PBXProject section */
		0EEBD0052A37FFD5003F04DF /* Project object */ = {
			isa = PBXProject;
			attributes = {
				BuildIndependentTargetsInParallel = 1;
				LastSwiftUpdateCheck = 1420;
				LastUpgradeCheck = 1420;
				TargetAttributes = {
					0EEBD00C2A37FFD5003F04DF = {
						CreatedOnToolsVersion = 14.2;
						LastSwiftMigration = 1420;
					};
				};
			};
			buildConfigurationList = 0EEBD0082A37FFD5003F04DF /* Build configuration list for PBXProject "KW" */;
			compatibilityVersion = "Xcode 14.0";
			developmentRegion = en;
			hasScannedForEncodings = 0;
			knownRegions = (
				en,
				Base,
			);
			mainGroup = 0EEBD0042A37FFD5003F04DF;
			productRefGroup = 0EEBD00E2A37FFD5003F04DF /* Products */;
			projectDirPath = "";
			projectRoot = "";
			targets = (
				0EEBD00C2A37FFD5003F04DF /* KW */,
			);
		};
/* End PBXProject section */

/* Begin PBXResourcesBuildPhase section */
		0EEBD00B2A37FFD5003F04DF /* Resources */ = {
			isa = PBXResourcesBuildPhase;
			buildActionMask = 2147483647;
			files = (
				0EEBD01D2A37FFD7003F04DF /* LaunchScreen.storyboard in Resources */,
				0ED724252A58F945007AA148 /* 加载缓存.gif in Resources */,
				0EC4BE412A4BC703008EB77B /* TestCollectionVCShowCell.xib in Resources */,
				0EC4BB082A482146008EB77B /* TestTableView.xib in Resources */,
				0EC4BB0E2A4827AF008EB77B /* TestTableVIewShowCell.xib in Resources */,
				0EEBD01A2A37FFD7003F04DF /* Assets.xcassets in Resources */,
				0EEBD0182A37FFD5003F04DF /* Main.storyboard in Resources */,
			);
			runOnlyForDeploymentPostprocessing = 0;
		};
/* End PBXResourcesBuildPhase section */

/* Begin PBXShellScriptBuildPhase section */
		49966B66B94DB66FD3E60A58 /* [CP] Embed Pods Frameworks */ = {
			isa = PBXShellScriptBuildPhase;
			buildActionMask = 2147483647;
			files = (
			);
			inputFileListPaths = (
				"${PODS_ROOT}/Target Support Files/Pods-KW/Pods-KW-frameworks-${CONFIGURATION}-input-files.xcfilelist",
			);
			name = "[CP] Embed Pods Frameworks";
			outputFileListPaths = (
				"${PODS_ROOT}/Target Support Files/Pods-KW/Pods-KW-frameworks-${CONFIGURATION}-output-files.xcfilelist",
			);
			runOnlyForDeploymentPostprocessing = 0;
			shellPath = /bin/sh;
			shellScript = "\"${PODS_ROOT}/Target Support Files/Pods-KW/Pods-KW-frameworks.sh\"\n";
			showEnvVarsInLog = 0;
		};
		A30B0872E08BE23FD3E10681 /* [CP] Check Pods Manifest.lock */ = {
			isa = PBXShellScriptBuildPhase;
			buildActionMask = 2147483647;
			files = (
			);
			inputFileListPaths = (
			);
			inputPaths = (
				"${PODS_PODFILE_DIR_PATH}/Podfile.lock",
				"${PODS_ROOT}/Manifest.lock",
			);
			name = "[CP] Check Pods Manifest.lock";
			outputFileListPaths = (
			);
			outputPaths = (
				"$(DERIVED_FILE_DIR)/Pods-KW-checkManifestLockResult.txt",
			);
			runOnlyForDeploymentPostprocessing = 0;
			shellPath = /bin/sh;
			shellScript = "diff \"${PODS_PODFILE_DIR_PATH}/Podfile.lock\" \"${PODS_ROOT}/Manifest.lock\" > /dev/null\nif [ $? != 0 ] ; then\n    # print error to STDERR\n    echo \"error: The sandbox is not in sync with the Podfile.lock. Run 'pod install' or update your CocoaPods installation.\" >&2\n    exit 1\nfi\n# This output is used by Xcode 'outputs' to avoid re-running this script phase.\necho \"SUCCESS\" > \"${SCRIPT_OUTPUT_FILE_0}\"\n";
			showEnvVarsInLog = 0;
		};
/* End PBXShellScriptBuildPhase section */

/* Begin PBXSourcesBuildPhase section */
		0EEBD0092A37FFD5003F04DF /* Sources */ = {
			isa = PBXSourcesBuildPhase;
			buildActionMask = 2147483647;
			files = (
				0EEBD06E2A380472003F04DF /* TabBar1VC.swift in Sources */,
				0EEBD0742A380494003F04DF /* TabBar4VC.swift in Sources */,
				0EC4BE402A4BC703008EB77B /* TestCollectionVCShowCell.swift in Sources */,
				0E5B00B92A54039900BB2679 /* UIView+THDXib.m in Sources */,
				0E5B00BE2A5403EF00BB2679 /* UIViewExt.swift in Sources */,
				0EC4BA4F2A47CF2C008EB77B /* KOViewController.m in Sources */,
				0E5BFF032A5257D500BB2679 /* KSPageController3.swift in Sources */,
				0ED649432A4029C30020E918 /* KWFakeNavigationBar.swift in Sources */,
				0ED721382A56615E007AA148 /* UIButtonExtShow.swift in Sources */,
				0EEBD0152A37FFD5003F04DF /* ViewController.swift in Sources */,
				0E5BFDE92A4E756F00BB2679 /* KOCollectionVC.m in Sources */,
				0ED648942A3D58680020E918 /* KWColorDemoVC.swift in Sources */,
				0EC4BE362A4BB6CF008EB77B /* KSCollectionVC.swift in Sources */,
				0EC4BCA42A4A881B008EB77B /* KOTableCell.m in Sources */,
				0ED649442A4029C30020E918 /* KWNavigationController.swift in Sources */,
				0E5BFFAA2A52BBCC00BB2679 /* KSTitleViewShow.swift in Sources */,
				0ED6493E2A4026AE0020E918 /* KWNavigationVC2.swift in Sources */,
				0E5BFFA62A52B97A00BB2679 /* KSPageVC.swift in Sources */,
				0ED6480B2A3D3C700020E918 /* KWTabBarController.swift in Sources */,
				0ED724232A57FBF4007AA148 /* MBProgressHUDShow.swift in Sources */,
				0E5BFDA42A4D0CEA00BB2679 /* TestCollectionVCShowCell1.swift in Sources */,
				0ED649462A40325A0020E918 /* KSViewController.swift in Sources */,
				0EEBD0112A37FFD5003F04DF /* AppDelegate.swift in Sources */,
				0ED722622A56C0A8007AA148 /* UIImageExtShow.swift in Sources */,
				0EC4BA572A47D47D008EB77B /* TestBaseVC.swift in Sources */,
				0E5BFFB12A53A3F900BB2679 /* KOPageController.m in Sources */,
				0ED6488D2A3D4CD90020E918 /* UIColorExt.swift in Sources */,
				0EC4BAF62A480E96008EB77B /* KSTableCell.swift in Sources */,
				0EC4BBEA2A482FD3008EB77B /* DZNEmptyDataSet.swift in Sources */,
				0E5BFEFD2A5257A900BB2679 /* KSPageController.swift in Sources */,
				0ED721352A5660AA007AA148 /* UIButtonExt.swift in Sources */,
				0EC4BA7F2A47DBC4008EB77B /* TestBaseVC11.swift in Sources */,
				0EEBD07A2A380790003F04DF /* TabBarDemoVC.swift in Sources */,
				0EC4BE382A4BB9DA008EB77B /* KSCollectionCell.swift in Sources */,
				0EA7073B2A42D8F9001745A7 /* UIViewControllerExt.swift in Sources */,
				0EEBD0762A3804A0003F04DF /* TabBar5VC.swift in Sources */,
				0E5BFFA82A52B99600BB2679 /* KSPageShow.swift in Sources */,
				0ED6493C2A4026A20020E918 /* KWNavigationVC1.swift in Sources */,
				0EA7073D2A42D914001745A7 /* KWSwift.swift in Sources */,
				0ED723F62A57B8BE007AA148 /* VideoCompress.m in Sources */,
				0ED6493A2A3FFC7B0020E918 /* KWNavigationVC.swift in Sources */,
				0EEBD0132A37FFD5003F04DF /* SceneDelegate.swift in Sources */,
				0E5BFF052A5257E000BB2679 /* KSPageController4.swift in Sources */,
				0E5BFF012A5257CC00BB2679 /* KSPageController2.swift in Sources */,
				0EC4BB0A2A482272008EB77B /* TestTableVIewShow.swift in Sources */,
				0EC4BA872A480C6B008EB77B /* KSTableVC.swift in Sources */,
				0E5BFDEC2A4E75C700BB2679 /* KOCollectionCell.m in Sources */,
				0ED721962A566DFA007AA148 /* UITextFieldExtShow.swift in Sources */,
				0EC4BC9F2A4A7372008EB77B /* KOTableVC.m in Sources */,
				0E5BFEFF2A5257C000BB2679 /* KSPageController1.swift in Sources */,
				0ED724202A57FA24007AA148 /* HUD.swift in Sources */,
				0EC4BB072A482146008EB77B /* TestTableView.swift in Sources */,
				0EC4BE3B2A4BC5A2008EB77B /* TestCollectionVC.swift in Sources */,
				0ED648182A3D42D30020E918 /* AutoFit.swift in Sources */,
				0EEBD0722A38048A003F04DF /* TabBar3VC.swift in Sources */,
				0EC4BAF82A4810E7008EB77B /* KSModel.swift in Sources */,
				0EC4BE432A4BCCD8008EB77B /* TestCollectionVCShow1.swift in Sources */,
				0E5BFF372A526C9C00BB2679 /* KSTitleView.swift in Sources */,
				0EEBD0702A38047D003F04DF /* TabBar2VC.swift in Sources */,
				0ED721932A566D18007AA148 /* UITextFieldExt.swift in Sources */,
				0EC4BE452A4BCDB3008EB77B /* KWFlowLayout.swift in Sources */,
				0E5B00C12A54061600BB2679 /* KWViewExtShow.swift in Sources */,
				0E5BFF072A5257EA00BB2679 /* KSPageController5.swift in Sources */,
				0EC4BE3D2A4BC5B9008EB77B /* TestCollectionVCShow.swift in Sources */,
				0ED721982A569A52007AA148 /* UIImageExt.swift in Sources */,
				0EC4BAFF2A481771008EB77B /* MJRefresh.swift in Sources */,
				0ED6480C2A3D3C700020E918 /* SizeS.swift in Sources */,
				0EC4BB0D2A4827AF008EB77B /* TestTableVIewShowCell.swift in Sources */,
				0ED649402A4028780020E918 /* UIViewController+KWNavigationBar.swift in Sources */,
			);
			runOnlyForDeploymentPostprocessing = 0;
		};
/* End PBXSourcesBuildPhase section */

/* Begin PBXVariantGroup section */
		0EEBD0162A37FFD5003F04DF /* Main.storyboard */ = {
			isa = PBXVariantGroup;
			children = (
				0EEBD0172A37FFD5003F04DF /* Base */,
			);
			name = Main.storyboard;
			sourceTree = "<group>";
		};
		0EEBD01B2A37FFD7003F04DF /* LaunchScreen.storyboard */ = {
			isa = PBXVariantGroup;
			children = (
				0EEBD01C2A37FFD7003F04DF /* Base */,
			);
			name = LaunchScreen.storyboard;
			sourceTree = "<group>";
		};
/* End PBXVariantGroup section */

/* Begin XCBuildConfiguration section */
		0EEBD01F2A37FFD7003F04DF /* Debug */ = {
			isa = XCBuildConfiguration;
			buildSettings = {
				ALWAYS_SEARCH_USER_PATHS = NO;
				CLANG_ANALYZER_NONNULL = YES;
				CLANG_ANALYZER_NUMBER_OBJECT_CONVERSION = YES_AGGRESSIVE;
				CLANG_CXX_LANGUAGE_STANDARD = "gnu++20";
				CLANG_ENABLE_MODULES = YES;
				CLANG_ENABLE_OBJC_ARC = YES;
				CLANG_ENABLE_OBJC_WEAK = YES;
				CLANG_WARN_BLOCK_CAPTURE_AUTORELEASING = YES;
				CLANG_WARN_BOOL_CONVERSION = YES;
				CLANG_WARN_COMMA = YES;
				CLANG_WARN_CONSTANT_CONVERSION = YES;
				CLANG_WARN_DEPRECATED_OBJC_IMPLEMENTATIONS = YES;
				CLANG_WARN_DIRECT_OBJC_ISA_USAGE = YES_ERROR;
				CLANG_WARN_DOCUMENTATION_COMMENTS = YES;
				CLANG_WARN_EMPTY_BODY = YES;
				CLANG_WARN_ENUM_CONVERSION = YES;
				CLANG_WARN_INFINITE_RECURSION = YES;
				CLANG_WARN_INT_CONVERSION = YES;
				CLANG_WARN_NON_LITERAL_NULL_CONVERSION = YES;
				CLANG_WARN_OBJC_IMPLICIT_RETAIN_SELF = YES;
				CLANG_WARN_OBJC_LITERAL_CONVERSION = YES;
				CLANG_WARN_OBJC_ROOT_CLASS = YES_ERROR;
				CLANG_WARN_QUOTED_INCLUDE_IN_FRAMEWORK_HEADER = YES;
				CLANG_WARN_RANGE_LOOP_ANALYSIS = YES;
				CLANG_WARN_STRICT_PROTOTYPES = YES;
				CLANG_WARN_SUSPICIOUS_MOVE = YES;
				CLANG_WARN_UNGUARDED_AVAILABILITY = YES_AGGRESSIVE;
				CLANG_WARN_UNREACHABLE_CODE = YES;
				CLANG_WARN__DUPLICATE_METHOD_MATCH = YES;
				COPY_PHASE_STRIP = NO;
				DEBUG_INFORMATION_FORMAT = dwarf;
				ENABLE_STRICT_OBJC_MSGSEND = YES;
				ENABLE_TESTABILITY = YES;
				GCC_C_LANGUAGE_STANDARD = gnu11;
				GCC_DYNAMIC_NO_PIC = NO;
				GCC_NO_COMMON_BLOCKS = YES;
				GCC_OPTIMIZATION_LEVEL = 0;
				GCC_PREPROCESSOR_DEFINITIONS = (
					"DEBUG=1",
					"$(inherited)",
				);
				GCC_WARN_64_TO_32_BIT_CONVERSION = YES;
				GCC_WARN_ABOUT_RETURN_TYPE = YES_ERROR;
				GCC_WARN_UNDECLARED_SELECTOR = YES;
				GCC_WARN_UNINITIALIZED_AUTOS = YES_AGGRESSIVE;
				GCC_WARN_UNUSED_FUNCTION = YES;
				GCC_WARN_UNUSED_VARIABLE = YES;
				IPHONEOS_DEPLOYMENT_TARGET = 16.2;
				MTL_ENABLE_DEBUG_INFO = INCLUDE_SOURCE;
				MTL_FAST_MATH = YES;
				ONLY_ACTIVE_ARCH = YES;
				SDKROOT = iphoneos;
				SWIFT_ACTIVE_COMPILATION_CONDITIONS = DEBUG;
				SWIFT_OPTIMIZATION_LEVEL = "-Onone";
			};
			name = Debug;
		};
		0EEBD0202A37FFD7003F04DF /* Release */ = {
			isa = XCBuildConfiguration;
			buildSettings = {
				ALWAYS_SEARCH_USER_PATHS = NO;
				CLANG_ANALYZER_NONNULL = YES;
				CLANG_ANALYZER_NUMBER_OBJECT_CONVERSION = YES_AGGRESSIVE;
				CLANG_CXX_LANGUAGE_STANDARD = "gnu++20";
				CLANG_ENABLE_MODULES = YES;
				CLANG_ENABLE_OBJC_ARC = YES;
				CLANG_ENABLE_OBJC_WEAK = YES;
				CLANG_WARN_BLOCK_CAPTURE_AUTORELEASING = YES;
				CLANG_WARN_BOOL_CONVERSION = YES;
				CLANG_WARN_COMMA = YES;
				CLANG_WARN_CONSTANT_CONVERSION = YES;
				CLANG_WARN_DEPRECATED_OBJC_IMPLEMENTATIONS = YES;
				CLANG_WARN_DIRECT_OBJC_ISA_USAGE = YES_ERROR;
				CLANG_WARN_DOCUMENTATION_COMMENTS = YES;
				CLANG_WARN_EMPTY_BODY = YES;
				CLANG_WARN_ENUM_CONVERSION = YES;
				CLANG_WARN_INFINITE_RECURSION = YES;
				CLANG_WARN_INT_CONVERSION = YES;
				CLANG_WARN_NON_LITERAL_NULL_CONVERSION = YES;
				CLANG_WARN_OBJC_IMPLICIT_RETAIN_SELF = YES;
				CLANG_WARN_OBJC_LITERAL_CONVERSION = YES;
				CLANG_WARN_OBJC_ROOT_CLASS = YES_ERROR;
				CLANG_WARN_QUOTED_INCLUDE_IN_FRAMEWORK_HEADER = YES;
				CLANG_WARN_RANGE_LOOP_ANALYSIS = YES;
				CLANG_WARN_STRICT_PROTOTYPES = YES;
				CLANG_WARN_SUSPICIOUS_MOVE = YES;
				CLANG_WARN_UNGUARDED_AVAILABILITY = YES_AGGRESSIVE;
				CLANG_WARN_UNREACHABLE_CODE = YES;
				CLANG_WARN__DUPLICATE_METHOD_MATCH = YES;
				COPY_PHASE_STRIP = NO;
				DEBUG_INFORMATION_FORMAT = "dwarf-with-dsym";
				ENABLE_NS_ASSERTIONS = NO;
				ENABLE_STRICT_OBJC_MSGSEND = YES;
				GCC_C_LANGUAGE_STANDARD = gnu11;
				GCC_NO_COMMON_BLOCKS = YES;
				GCC_WARN_64_TO_32_BIT_CONVERSION = YES;
				GCC_WARN_ABOUT_RETURN_TYPE = YES_ERROR;
				GCC_WARN_UNDECLARED_SELECTOR = YES;
				GCC_WARN_UNINITIALIZED_AUTOS = YES_AGGRESSIVE;
				GCC_WARN_UNUSED_FUNCTION = YES;
				GCC_WARN_UNUSED_VARIABLE = YES;
				IPHONEOS_DEPLOYMENT_TARGET = 16.2;
				MTL_ENABLE_DEBUG_INFO = NO;
				MTL_FAST_MATH = YES;
				SDKROOT = iphoneos;
				SWIFT_COMPILATION_MODE = wholemodule;
				SWIFT_OPTIMIZATION_LEVEL = "-O";
				VALIDATE_PRODUCT = YES;
			};
			name = Release;
		};
		0EEBD0222A37FFD7003F04DF /* Debug */ = {
			isa = XCBuildConfiguration;
			baseConfigurationReference = 626520963CDF60FCE686CBDC /* Pods-KW.debug.xcconfig */;
			buildSettings = {
				ASSETCATALOG_COMPILER_APPICON_NAME = AppIcon;
				ASSETCATALOG_COMPILER_GLOBAL_ACCENT_COLOR_NAME = AccentColor;
				CLANG_ENABLE_MODULES = YES;
				CODE_SIGN_STYLE = Automatic;
				CURRENT_PROJECT_VERSION = 1;
				DEVELOPMENT_TEAM = MQ7N2N5WN6;
				GENERATE_INFOPLIST_FILE = YES;
				INFOPLIST_FILE = KW/Info.plist;
				INFOPLIST_KEY_UIApplicationSupportsIndirectInputEvents = YES;
				INFOPLIST_KEY_UILaunchStoryboardName = LaunchScreen;
				INFOPLIST_KEY_UIMainStoryboardFile = Main;
				INFOPLIST_KEY_UISupportedInterfaceOrientations_iPad = "UIInterfaceOrientationPortrait UIInterfaceOrientationPortraitUpsideDown UIInterfaceOrientationLandscapeLeft UIInterfaceOrientationLandscapeRight";
				INFOPLIST_KEY_UISupportedInterfaceOrientations_iPhone = "UIInterfaceOrientationPortrait UIInterfaceOrientationLandscapeLeft UIInterfaceOrientationLandscapeRight";
				IPHONEOS_DEPLOYMENT_TARGET = 11.0;
				LD_RUNPATH_SEARCH_PATHS = (
					"$(inherited)",
					"@executable_path/Frameworks",
				);
				MARKETING_VERSION = 1.0;
				PRODUCT_BUNDLE_IDENTIFIER = io.kk.KW;
				PRODUCT_NAME = "$(TARGET_NAME)";
				SWIFT_EMIT_LOC_STRINGS = YES;
				SWIFT_OBJC_BRIDGING_HEADER = "KW/KW-Bridging-Header.h";
				SWIFT_OPTIMIZATION_LEVEL = "-Onone";
				SWIFT_VERSION = 5.0;
				TARGETED_DEVICE_FAMILY = "1,2";
			};
			name = Debug;
		};
		0EEBD0232A37FFD7003F04DF /* Release */ = {
			isa = XCBuildConfiguration;
			baseConfigurationReference = 68247403E1255D1745B42364 /* Pods-KW.release.xcconfig */;
			buildSettings = {
				ASSETCATALOG_COMPILER_APPICON_NAME = AppIcon;
				ASSETCATALOG_COMPILER_GLOBAL_ACCENT_COLOR_NAME = AccentColor;
				CLANG_ENABLE_MODULES = YES;
				CODE_SIGN_STYLE = Automatic;
				CURRENT_PROJECT_VERSION = 1;
				DEVELOPMENT_TEAM = MQ7N2N5WN6;
				GENERATE_INFOPLIST_FILE = YES;
				INFOPLIST_FILE = KW/Info.plist;
				INFOPLIST_KEY_UIApplicationSupportsIndirectInputEvents = YES;
				INFOPLIST_KEY_UILaunchStoryboardName = LaunchScreen;
				INFOPLIST_KEY_UIMainStoryboardFile = Main;
				INFOPLIST_KEY_UISupportedInterfaceOrientations_iPad = "UIInterfaceOrientationPortrait UIInterfaceOrientationPortraitUpsideDown UIInterfaceOrientationLandscapeLeft UIInterfaceOrientationLandscapeRight";
				INFOPLIST_KEY_UISupportedInterfaceOrientations_iPhone = "UIInterfaceOrientationPortrait UIInterfaceOrientationLandscapeLeft UIInterfaceOrientationLandscapeRight";
				IPHONEOS_DEPLOYMENT_TARGET = 11.0;
				LD_RUNPATH_SEARCH_PATHS = (
					"$(inherited)",
					"@executable_path/Frameworks",
				);
				MARKETING_VERSION = 1.0;
				PRODUCT_BUNDLE_IDENTIFIER = io.kk.KW;
				PRODUCT_NAME = "$(TARGET_NAME)";
				SWIFT_EMIT_LOC_STRINGS = YES;
				SWIFT_OBJC_BRIDGING_HEADER = "KW/KW-Bridging-Header.h";
				SWIFT_VERSION = 5.0;
				TARGETED_DEVICE_FAMILY = "1,2";
			};
			name = Release;
		};
/* End XCBuildConfiguration section */

/* Begin XCConfigurationList section */
		0EEBD0082A37FFD5003F04DF /* Build configuration list for PBXProject "KW" */ = {
			isa = XCConfigurationList;
			buildConfigurations = (
				0EEBD01F2A37FFD7003F04DF /* Debug */,
				0EEBD0202A37FFD7003F04DF /* Release */,
			);
			defaultConfigurationIsVisible = 0;
			defaultConfigurationName = Release;
		};
		0EEBD0212A37FFD7003F04DF /* Build configuration list for PBXNativeTarget "KW" */ = {
			isa = XCConfigurationList;
			buildConfigurations = (
				0EEBD0222A37FFD7003F04DF /* Debug */,
				0EEBD0232A37FFD7003F04DF /* Release */,
			);
			defaultConfigurationIsVisible = 0;
			defaultConfigurationName = Release;
		};
/* End XCConfigurationList section */
	};
	rootObject = 0EEBD0052A37FFD5003F04DF /* Project object */;
}
